// !$*UTF8*$!
{
	archiveVersion = 1;
	classes = {
	};
	objectVersion = 51;
	objects = {

/* Begin PBXBuildFile section */
		1847E844230D40FB00958875 /* Notification.swift in Sources */ = {isa = PBXBuildFile; fileRef = 1847E843230D40FB00958875 /* Notification.swift */; };
		260CECA4237BB25800CBA10B /* FundSourcesView.swift in Sources */ = {isa = PBXBuildFile; fileRef = 260CECA3237BB25800CBA10B /* FundSourcesView.swift */; };
		260CECA6237BB51C00CBA10B /* FavoriteManager.swift in Sources */ = {isa = PBXBuildFile; fileRef = 260CECA5237BB51C00CBA10B /* FavoriteManager.swift */; };
		260CECBF237BB69300CBA10B /* SpreadsheetView+UIScrollView.swift in Sources */ = {isa = PBXBuildFile; fileRef = 260CECA8237BB69300CBA10B /* SpreadsheetView+UIScrollView.swift */; };
		260CECC0237BB69300CBA10B /* Location.swift in Sources */ = {isa = PBXBuildFile; fileRef = 260CECA9237BB69300CBA10B /* Location.swift */; };
		260CECC1237BB69300CBA10B /* Address.swift in Sources */ = {isa = PBXBuildFile; fileRef = 260CECAA237BB69300CBA10B /* Address.swift */; };
		260CECC2237BB69300CBA10B /* CircularScrolling.swift in Sources */ = {isa = PBXBuildFile; fileRef = 260CECAB237BB69300CBA10B /* CircularScrolling.swift */; };
		260CECC3237BB69300CBA10B /* Cell.swift in Sources */ = {isa = PBXBuildFile; fileRef = 260CECAC237BB69300CBA10B /* Cell.swift */; };
		260CECC4237BB69300CBA10B /* SpreadsheetViewDataSource.swift in Sources */ = {isa = PBXBuildFile; fileRef = 260CECAD237BB69300CBA10B /* SpreadsheetViewDataSource.swift */; };
		260CECC5237BB69300CBA10B /* Borders.swift in Sources */ = {isa = PBXBuildFile; fileRef = 260CECAE237BB69300CBA10B /* Borders.swift */; };
		260CECC6237BB69300CBA10B /* Array+BinarySearch.swift in Sources */ = {isa = PBXBuildFile; fileRef = 260CECAF237BB69300CBA10B /* Array+BinarySearch.swift */; };
		260CECC7237BB69300CBA10B /* ScrollPosition.swift in Sources */ = {isa = PBXBuildFile; fileRef = 260CECB0237BB69300CBA10B /* ScrollPosition.swift */; };
		260CECC8237BB69300CBA10B /* SpreadsheetView+UIViewHierarchy.swift in Sources */ = {isa = PBXBuildFile; fileRef = 260CECB1237BB69300CBA10B /* SpreadsheetView+UIViewHierarchy.swift */; };
		260CECC9237BB69300CBA10B /* CellRange.swift in Sources */ = {isa = PBXBuildFile; fileRef = 260CECB2237BB69300CBA10B /* CellRange.swift */; };
		260CECCA237BB69300CBA10B /* LayoutEngine.swift in Sources */ = {isa = PBXBuildFile; fileRef = 260CECB3237BB69300CBA10B /* LayoutEngine.swift */; };
		260CECCB237BB69300CBA10B /* IndexPath+Column.swift in Sources */ = {isa = PBXBuildFile; fileRef = 260CECB4237BB69300CBA10B /* IndexPath+Column.swift */; };
		260CECCC237BB69300CBA10B /* SpreadsheetView+Layout.swift in Sources */ = {isa = PBXBuildFile; fileRef = 260CECB5237BB69300CBA10B /* SpreadsheetView+Layout.swift */; };
		260CECCD237BB69300CBA10B /* ScrollView.swift in Sources */ = {isa = PBXBuildFile; fileRef = 260CECB6237BB69300CBA10B /* ScrollView.swift */; };
		260CECCE237BB69300CBA10B /* SpreadsheetView.swift in Sources */ = {isa = PBXBuildFile; fileRef = 260CECB7237BB69300CBA10B /* SpreadsheetView.swift */; };
		260CECCF237BB69300CBA10B /* SpreadsheetView+UISnapshotting.swift in Sources */ = {isa = PBXBuildFile; fileRef = 260CECB8237BB69300CBA10B /* SpreadsheetView+UISnapshotting.swift */; };
		260CECD0237BB69300CBA10B /* Gridlines.swift in Sources */ = {isa = PBXBuildFile; fileRef = 260CECB9237BB69300CBA10B /* Gridlines.swift */; };
		260CECD1237BB69300CBA10B /* SpreadsheetViewDelegate.swift in Sources */ = {isa = PBXBuildFile; fileRef = 260CECBA237BB69300CBA10B /* SpreadsheetViewDelegate.swift */; };
		260CECD2237BB69300CBA10B /* ReuseQueue.swift in Sources */ = {isa = PBXBuildFile; fileRef = 260CECBB237BB69300CBA10B /* ReuseQueue.swift */; };
		260CECD3237BB69300CBA10B /* SpreadsheetView+Touches.swift in Sources */ = {isa = PBXBuildFile; fileRef = 260CECBC237BB69300CBA10B /* SpreadsheetView+Touches.swift */; };
		260CECD4237BB69300CBA10B /* SpreadsheetView+CirclularScrolling.swift in Sources */ = {isa = PBXBuildFile; fileRef = 260CECBD237BB69300CBA10B /* SpreadsheetView+CirclularScrolling.swift */; };
		260CECD5237BB69300CBA10B /* SpreadsheetView+UIScrollViewDelegate.swift in Sources */ = {isa = PBXBuildFile; fileRef = 260CECBE237BB69300CBA10B /* SpreadsheetView+UIScrollViewDelegate.swift */; };
		26212A562269CBD500A2B658 /* BadgeView.swift in Sources */ = {isa = PBXBuildFile; fileRef = 26212A552269CBD500A2B658 /* BadgeView.swift */; };
		262357E42309C1A900DC4466 /* FileStorage.swift in Sources */ = {isa = PBXBuildFile; fileRef = 262357E32309C1A900DC4466 /* FileStorage.swift */; };
		262357E72309C1F900DC4466 /* FirebaseAuth.swift in Sources */ = {isa = PBXBuildFile; fileRef = 262357E52309C1F800DC4466 /* FirebaseAuth.swift */; };
		262357E82309C1F900DC4466 /* Firestore.swift in Sources */ = {isa = PBXBuildFile; fileRef = 262357E62309C1F900DC4466 /* Firestore.swift */; };
		262357F72309C21400DC4466 /* LoginInteraction.swift in Sources */ = {isa = PBXBuildFile; fileRef = 262357EA2309C21300DC4466 /* LoginInteraction.swift */; };
		262357F82309C21400DC4466 /* LoginUI.swift in Sources */ = {isa = PBXBuildFile; fileRef = 262357EB2309C21300DC4466 /* LoginUI.swift */; };
		262357F92309C21400DC4466 /* LoginController.swift in Sources */ = {isa = PBXBuildFile; fileRef = 262357EC2309C21300DC4466 /* LoginController.swift */; };
		262357FA2309C21400DC4466 /* LoginWorker.swift in Sources */ = {isa = PBXBuildFile; fileRef = 262357ED2309C21300DC4466 /* LoginWorker.swift */; };
		262357FB2309C21400DC4466 /* RegisterWorker.swift in Sources */ = {isa = PBXBuildFile; fileRef = 262357EF2309C21400DC4466 /* RegisterWorker.swift */; };
		262357FC2309C21400DC4466 /* RegisterInteraction.swift in Sources */ = {isa = PBXBuildFile; fileRef = 262357F02309C21400DC4466 /* RegisterInteraction.swift */; };
		262357FD2309C21400DC4466 /* RegisterUI.swift in Sources */ = {isa = PBXBuildFile; fileRef = 262357F12309C21400DC4466 /* RegisterUI.swift */; };
		262357FE2309C21400DC4466 /* RegisterController.swift in Sources */ = {isa = PBXBuildFile; fileRef = 262357F22309C21400DC4466 /* RegisterController.swift */; };
		262357FF2309C21400DC4466 /* ChangePasswordWorker.swift in Sources */ = {isa = PBXBuildFile; fileRef = 262357F42309C21400DC4466 /* ChangePasswordWorker.swift */; };
		262358002309C21400DC4466 /* ChangePass.swift in Sources */ = {isa = PBXBuildFile; fileRef = 262357F52309C21400DC4466 /* ChangePass.swift */; };
		262358012309C21400DC4466 /* ChangePass.UI.swift in Sources */ = {isa = PBXBuildFile; fileRef = 262357F62309C21400DC4466 /* ChangePass.UI.swift */; };
		262B72252265C6C60085DB18 /* loading.gif in Resources */ = {isa = PBXBuildFile; fileRef = 262B72242265C6C60085DB18 /* loading.gif */; };
		26762FF022FEE3C300C77895 /* Messenger.swift in Sources */ = {isa = PBXBuildFile; fileRef = 26762FEF22FEE3C300C77895 /* Messenger.swift */; };
		26B74FE121F07CCC0005BA27 /* Login.swift in Sources */ = {isa = PBXBuildFile; fileRef = 26B74FE021F07CCC0005BA27 /* Login.swift */; };
		26B74FF421F175FD0005BA27 /* StripeWrapper.swift in Sources */ = {isa = PBXBuildFile; fileRef = 26B74FF321F175FD0005BA27 /* StripeWrapper.swift */; };
		26C2813822AF5BBE0058910B /* Fonts in Resources */ = {isa = PBXBuildFile; fileRef = 26C2813722AF5BBE0058910B /* Fonts */; };
		26C8B54122B20F7300D83413 /* FacebookLoginWorker.swift in Sources */ = {isa = PBXBuildFile; fileRef = 26C8B54022B20F7300D83413 /* FacebookLoginWorker.swift */; };
		26C8B54322B20F9200D83413 /* KMPlaceholderTextView.swift in Sources */ = {isa = PBXBuildFile; fileRef = 26C8B54222B20F9200D83413 /* KMPlaceholderTextView.swift */; };
		7321F2D0AAE4CCE5C7DC47EB /* Pods_knStore.framework in Frameworks */ = {isa = PBXBuildFile; fileRef = E314C17B2F2D391633D2A07C /* Pods_knStore.framework */; };
		C1F67C4B21BE6F4800CDC2ED /* AppDelegate.swift in Sources */ = {isa = PBXBuildFile; fileRef = C1F67C4A21BE6F4800CDC2ED /* AppDelegate.swift */; };
		C1F67C4D21BE6F4800CDC2ED /* ViewController.swift in Sources */ = {isa = PBXBuildFile; fileRef = C1F67C4C21BE6F4800CDC2ED /* ViewController.swift */; };
		C1F67C5021BE6F4800CDC2ED /* Main.storyboard in Resources */ = {isa = PBXBuildFile; fileRef = C1F67C4E21BE6F4800CDC2ED /* Main.storyboard */; };
		C1F67C5221BE6F4900CDC2ED /* Assets.xcassets in Resources */ = {isa = PBXBuildFile; fileRef = C1F67C5121BE6F4900CDC2ED /* Assets.xcassets */; };
		C1F67C5521BE6F4900CDC2ED /* LaunchScreen.storyboard in Resources */ = {isa = PBXBuildFile; fileRef = C1F67C5321BE6F4900CDC2ED /* LaunchScreen.storyboard */; };
		C1F67C7321BE713A00CDC2ED /* General.swift in Sources */ = {isa = PBXBuildFile; fileRef = C1F67C5F21BE713900CDC2ED /* General.swift */; };
		C1F67C7421BE713A00CDC2ED /* UISearchBarExtension.swift in Sources */ = {isa = PBXBuildFile; fileRef = C1F67C6021BE713900CDC2ED /* UISearchBarExtension.swift */; };
		C1F67C7521BE713A00CDC2ED /* StringExtension.swift in Sources */ = {isa = PBXBuildFile; fileRef = C1F67C6121BE713900CDC2ED /* StringExtension.swift */; };
		C1F67C7621BE713A00CDC2ED /* UITextFieldExtension.swift in Sources */ = {isa = PBXBuildFile; fileRef = C1F67C6221BE713900CDC2ED /* UITextFieldExtension.swift */; };
		C1F67C7721BE713A00CDC2ED /* knConstraints.swift in Sources */ = {isa = PBXBuildFile; fileRef = C1F67C6321BE713900CDC2ED /* knConstraints.swift */; };
		C1F67C7821BE713A00CDC2ED /* UIFontExtension.swift in Sources */ = {isa = PBXBuildFile; fileRef = C1F67C6421BE713900CDC2ED /* UIFontExtension.swift */; };
		C1F67C7921BE713A00CDC2ED /* knView.swift in Sources */ = {isa = PBXBuildFile; fileRef = C1F67C6521BE713900CDC2ED /* knView.swift */; };
		C1F67C7A21BE713A00CDC2ED /* knController.swift in Sources */ = {isa = PBXBuildFile; fileRef = C1F67C6621BE713900CDC2ED /* knController.swift */; };
		C1F67C7B21BE713A00CDC2ED /* UIColorExtension.swift in Sources */ = {isa = PBXBuildFile; fileRef = C1F67C6721BE713900CDC2ED /* UIColorExtension.swift */; };
		C1F67C7C21BE713A00CDC2ED /* 1.Setting.swift in Sources */ = {isa = PBXBuildFile; fileRef = C1F67C6821BE713900CDC2ED /* 1.Setting.swift */; };
		C1F67C7D21BE713A00CDC2ED /* UIViewExtension.swift in Sources */ = {isa = PBXBuildFile; fileRef = C1F67C6921BE713900CDC2ED /* UIViewExtension.swift */; };
		C1F67C7E21BE713A00CDC2ED /* knUIMaker.swift in Sources */ = {isa = PBXBuildFile; fileRef = C1F67C6A21BE713900CDC2ED /* knUIMaker.swift */; };
		C1F67C7F21BE713A00CDC2ED /* ApiConnector.swift in Sources */ = {isa = PBXBuildFile; fileRef = C1F67C6B21BE713A00CDC2ED /* ApiConnector.swift */; };
		C1F67C8021BE713A00CDC2ED /* UIApplicationExtension.swift in Sources */ = {isa = PBXBuildFile; fileRef = C1F67C6C21BE713A00CDC2ED /* UIApplicationExtension.swift */; };
		C1F67C8221BE713A00CDC2ED /* UIButtonExtension.swift in Sources */ = {isa = PBXBuildFile; fileRef = C1F67C6E21BE713A00CDC2ED /* UIButtonExtension.swift */; };
		C1F67C8321BE713A00CDC2ED /* OtherExtensions.swift in Sources */ = {isa = PBXBuildFile; fileRef = C1F67C6F21BE713A00CDC2ED /* OtherExtensions.swift */; };
		C1F67C8421BE713A00CDC2ED /* IntExtension.swift in Sources */ = {isa = PBXBuildFile; fileRef = C1F67C7021BE713A00CDC2ED /* IntExtension.swift */; };
		C1F67C8521BE713A00CDC2ED /* UIImageExtension.swift in Sources */ = {isa = PBXBuildFile; fileRef = C1F67C7121BE713A00CDC2ED /* UIImageExtension.swift */; };
		C1F67C8621BE713A00CDC2ED /* DateExtension.swift in Sources */ = {isa = PBXBuildFile; fileRef = C1F67C7221BE713A00CDC2ED /* DateExtension.swift */; };
		C1F67C8D21BEFEA100CDC2ED /* knListView.swift in Sources */ = {isa = PBXBuildFile; fileRef = C1F67C8B21BEFEA100CDC2ED /* knListView.swift */; };
		C1F67C8E21BEFEA100CDC2ED /* knGridView.swift in Sources */ = {isa = PBXBuildFile; fileRef = C1F67C8C21BEFEA100CDC2ED /* knGridView.swift */; };
		C1F67C9321BF65C100CDC2ED /* Controller+Keyboard.swift in Sources */ = {isa = PBXBuildFile; fileRef = C1F67C9021BF65C100CDC2ED /* Controller+Keyboard.swift */; };
		C1F67C9421BF65C100CDC2ED /* Localization.swift in Sources */ = {isa = PBXBuildFile; fileRef = C1F67C9121BF65C100CDC2ED /* Localization.swift */; };
		C1F67C9521BF65C100CDC2ED /* DeviceType.swift in Sources */ = {isa = PBXBuildFile; fileRef = C1F67C9221BF65C100CDC2ED /* DeviceType.swift */; };
		C1F67CBE21BF67AE00CDC2ED /* WebBrowser.swift in Sources */ = {isa = PBXBuildFile; fileRef = C1F67C9721BF67AE00CDC2ED /* WebBrowser.swift */; };
		C1F67CC021BF67AE00CDC2ED /* knImageSlideView.swift in Sources */ = {isa = PBXBuildFile; fileRef = C1F67C9921BF67AE00CDC2ED /* knImageSlideView.swift */; };
		C1F67CC321BF67AE00CDC2ED /* knComposerView.swift in Sources */ = {isa = PBXBuildFile; fileRef = C1F67C9C21BF67AE00CDC2ED /* knComposerView.swift */; };
		C1F67CC421BF67AE00CDC2ED /* UIImage+Gif.swift in Sources */ = {isa = PBXBuildFile; fileRef = C1F67C9D21BF67AE00CDC2ED /* UIImage+Gif.swift */; };
		C1F67CC521BF67AE00CDC2ED /* RecordView.swift in Sources */ = {isa = PBXBuildFile; fileRef = C1F67C9E21BF67AE00CDC2ED /* RecordView.swift */; };
		C1F67CC621BF67AE00CDC2ED /* knDotLoadingIndicator.swift in Sources */ = {isa = PBXBuildFile; fileRef = C1F67C9F21BF67AE00CDC2ED /* knDotLoadingIndicator.swift */; };
		C1F67CC721BF67AE00CDC2ED /* knDateDialog.swift in Sources */ = {isa = PBXBuildFile; fileRef = C1F67CA021BF67AE00CDC2ED /* knDateDialog.swift */; };
		C1F67CC821BF67AE00CDC2ED /* MapController.swift in Sources */ = {isa = PBXBuildFile; fileRef = C1F67CA121BF67AE00CDC2ED /* MapController.swift */; };
		C1F67CC921BF67AE00CDC2ED /* knCodeView.swift in Sources */ = {isa = PBXBuildFile; fileRef = C1F67CA221BF67AE00CDC2ED /* knCodeView.swift */; };
		C1F67CCA21BF67AE00CDC2ED /* knRippleAnimationView.swift in Sources */ = {isa = PBXBuildFile; fileRef = C1F67CA321BF67AE00CDC2ED /* knRippleAnimationView.swift */; };
		C1F67CCC21BF67AE00CDC2ED /* knAnalogClockView.swift in Sources */ = {isa = PBXBuildFile; fileRef = C1F67CA521BF67AE00CDC2ED /* knAnalogClockView.swift */; };
		C1F67CCD21BF67AE00CDC2ED /* knTwoColumnsController.swift in Sources */ = {isa = PBXBuildFile; fileRef = C1F67CA621BF67AE00CDC2ED /* knTwoColumnsController.swift */; };
		C1F67CCE21BF67AE00CDC2ED /* RSKCollectionViewRetractableFirstItemLayout.swift in Sources */ = {isa = PBXBuildFile; fileRef = C1F67CA721BF67AE00CDC2ED /* RSKCollectionViewRetractableFirstItemLayout.swift */; };
		C1F67CCF21BF67AE00CDC2ED /* ZFRippleButton.swift in Sources */ = {isa = PBXBuildFile; fileRef = C1F67CA821BF67AE00CDC2ED /* ZFRippleButton.swift */; };
		C1F67CD321BF67AE00CDC2ED /* knPagerController.swift in Sources */ = {isa = PBXBuildFile; fileRef = C1F67CAC21BF67AE00CDC2ED /* knPagerController.swift */; };
		C1F67CD421BF67AE00CDC2ED /* knUnderlineTextField.swift in Sources */ = {isa = PBXBuildFile; fileRef = C1F67CAD21BF67AE00CDC2ED /* knUnderlineTextField.swift */; };
		C1F67CD621BF67AE00CDC2ED /* TransitionSubmitButton.swift in Sources */ = {isa = PBXBuildFile; fileRef = C1F67CAF21BF67AE00CDC2ED /* TransitionSubmitButton.swift */; };
		C1F67CD721BF67AE00CDC2ED /* QRScanner.swift in Sources */ = {isa = PBXBuildFile; fileRef = C1F67CB021BF67AE00CDC2ED /* QRScanner.swift */; };
		C1F67CD821BF67AE00CDC2ED /* SnakePageControl.swift in Sources */ = {isa = PBXBuildFile; fileRef = C1F67CB121BF67AE00CDC2ED /* SnakePageControl.swift */; };
		C1F67CD921BF67AE00CDC2ED /* knBarButtonNumber.swift in Sources */ = {isa = PBXBuildFile; fileRef = C1F67CB221BF67AE00CDC2ED /* knBarButtonNumber.swift */; };
		C1F67CDA21BF67AE00CDC2ED /* PagerController.swift in Sources */ = {isa = PBXBuildFile; fileRef = C1F67CB321BF67AE00CDC2ED /* PagerController.swift */; };
		C1F67CDB21BF67AE00CDC2ED /* knAnimationScrollView.swift in Sources */ = {isa = PBXBuildFile; fileRef = C1F67CB421BF67AE00CDC2ED /* knAnimationScrollView.swift */; };
		C1F67CDD21BF67AE00CDC2ED /* QRCode.swift in Sources */ = {isa = PBXBuildFile; fileRef = C1F67CB621BF67AE00CDC2ED /* QRCode.swift */; };
		C1F67CDE21BF67AE00CDC2ED /* knDraggableViewCollection.swift in Sources */ = {isa = PBXBuildFile; fileRef = C1F67CB721BF67AE00CDC2ED /* knDraggableViewCollection.swift */; };
		C1F67CDF21BF67AE00CDC2ED /* GradientView.swift in Sources */ = {isa = PBXBuildFile; fileRef = C1F67CB821BF67AE00CDC2ED /* GradientView.swift */; };
		C1F67CE221BF67AE00CDC2ED /* knTagView.swift in Sources */ = {isa = PBXBuildFile; fileRef = C1F67CBB21BF67AE00CDC2ED /* knTagView.swift */; };
		C1F67CE321BF67AE00CDC2ED /* PlacePickerView.swift in Sources */ = {isa = PBXBuildFile; fileRef = C1F67CBC21BF67AE00CDC2ED /* PlacePickerView.swift */; };
		C1F67CE421BF67AE00CDC2ED /* knGistTextField.swift in Sources */ = {isa = PBXBuildFile; fileRef = C1F67CBD21BF67AE00CDC2ED /* knGistTextField.swift */; };
		C1F67CE821BF6FDD00CDC2ED /* TermLabel.swift in Sources */ = {isa = PBXBuildFile; fileRef = C1F67CE521BF6FDC00CDC2ED /* TermLabel.swift */; };
		C1F67CE921BF6FDD00CDC2ED /* knTabController.swift in Sources */ = {isa = PBXBuildFile; fileRef = C1F67CE621BF6FDD00CDC2ED /* knTabController.swift */; };
		C1F67CEA21BF6FDD00CDC2ED /* knPicker.swift in Sources */ = {isa = PBXBuildFile; fileRef = C1F67CE721BF6FDD00CDC2ED /* knPicker.swift */; };
		C1F67CEC21BF6FF600CDC2ED /* knStateview.swift in Sources */ = {isa = PBXBuildFile; fileRef = C1F67CEB21BF6FF600CDC2ED /* knStateview.swift */; };
		C1F67CEE21BF705600CDC2ED /* knSectionList.swift in Sources */ = {isa = PBXBuildFile; fileRef = C1F67CED21BF705500CDC2ED /* knSectionList.swift */; };
		C1F67CF021BF711F00CDC2ED /* knExpandList.swift in Sources */ = {isa = PBXBuildFile; fileRef = C1F67CEF21BF711F00CDC2ED /* knExpandList.swift */; };
		C1F67CFC21BF73FC00CDC2ED /* GeocodingWorker.swift in Sources */ = {isa = PBXBuildFile; fileRef = C1F67CF221BF73FC00CDC2ED /* GeocodingWorker.swift */; };
		C1F67CFD21BF73FC00CDC2ED /* RequestLocationWorker.swift in Sources */ = {isa = PBXBuildFile; fileRef = C1F67CF321BF73FC00CDC2ED /* RequestLocationWorker.swift */; };
		C1F67CFE21BF73FC00CDC2ED /* UploadWorker.swift in Sources */ = {isa = PBXBuildFile; fileRef = C1F67CF421BF73FC00CDC2ED /* UploadWorker.swift */; };
		C1F67D0121BF73FC00CDC2ED /* knPhotoSelectWorker.swift in Sources */ = {isa = PBXBuildFile; fileRef = C1F67CF721BF73FC00CDC2ED /* knPhotoSelectWorker.swift */; };
		C1F67D0221BF73FC00CDC2ED /* GoogleLocationManager.swift in Sources */ = {isa = PBXBuildFile; fileRef = C1F67CF821BF73FC00CDC2ED /* GoogleLocationManager.swift */; };
		C1F67D0321BF73FC00CDC2ED /* LocationWorker.swift in Sources */ = {isa = PBXBuildFile; fileRef = C1F67CF921BF73FC00CDC2ED /* LocationWorker.swift */; };
		C1F67D0521BF73FC00CDC2ED /* RegisterDeviceTokenWorker.swift in Sources */ = {isa = PBXBuildFile; fileRef = C1F67CFB21BF73FC00CDC2ED /* RegisterDeviceTokenWorker.swift */; };
		C1F67D0721BF740200CDC2ED /* AnimateItemCollectionLayout.swift in Sources */ = {isa = PBXBuildFile; fileRef = C1F67D0621BF740200CDC2ED /* AnimateItemCollectionLayout.swift */; };
		C1F67D0A21BF74D800CDC2ED /* SearchHistoryWorker.swift in Sources */ = {isa = PBXBuildFile; fileRef = C1F67D0921BF74D800CDC2ED /* SearchHistoryWorker.swift */; };
		C1F67D0C21BF75F300CDC2ED /* NavigationExtension.swift in Sources */ = {isa = PBXBuildFile; fileRef = C1F67D0B21BF75F300CDC2ED /* NavigationExtension.swift */; };
		C1F67D0E21BF783E00CDC2ED /* PasswordValidation.swift in Sources */ = {isa = PBXBuildFile; fileRef = C1F67D0D21BF783E00CDC2ED /* PasswordValidation.swift */; };
		C1F67D1221BF792100CDC2ED /* 1.StartPoint.swift in Sources */ = {isa = PBXBuildFile; fileRef = C1F67D1121BF792100CDC2ED /* 1.StartPoint.swift */; };
		C1F67D1421BF7B5200CDC2ED /* Boss.swift in Sources */ = {isa = PBXBuildFile; fileRef = C1F67D1321BF7B5200CDC2ED /* Boss.swift */; };
		C1F67D1621BF835B00CDC2ED /* RegisterValidation.swift in Sources */ = {isa = PBXBuildFile; fileRef = C1F67D1521BF835B00CDC2ED /* RegisterValidation.swift */; };
		C1F67D1821BFA00200CDC2ED /* AnnouncementView.swift in Sources */ = {isa = PBXBuildFile; fileRef = C1F67D1721BFA00200CDC2ED /* AnnouncementView.swift */; };
		C1F67D1A21BFA11600CDC2ED /* FAPaginationLayout.swift in Sources */ = {isa = PBXBuildFile; fileRef = C1F67D1921BFA11600CDC2ED /* FAPaginationLayout.swift */; };
		C1F67D1C21BFA17600CDC2ED /* Authentication.swift in Sources */ = {isa = PBXBuildFile; fileRef = C1F67D1B21BFA17600CDC2ED /* Authentication.swift */; };
		C1F67D1E21BFA1FD00CDC2ED /* Camera.swift in Sources */ = {isa = PBXBuildFile; fileRef = C1F67D1D21BFA1FD00CDC2ED /* Camera.swift */; };
		C1F67D2021BFA2CB00CDC2ED /* DNSPopup.swift in Sources */ = {isa = PBXBuildFile; fileRef = C1F67D1F21BFA2CB00CDC2ED /* DNSPopup.swift */; };
		C1F67D2221BFA66900CDC2ED /* OTPView.swift in Sources */ = {isa = PBXBuildFile; fileRef = C1F67D2121BFA66900CDC2ED /* OTPView.swift */; };
		C1F67D2621BFA6D100CDC2ED /* PhotoThumbView.swift in Sources */ = {isa = PBXBuildFile; fileRef = C1F67D2521BFA6D100CDC2ED /* PhotoThumbView.swift */; };
		C1F67D2821BFA6FE00CDC2ED /* Reachability.swift in Sources */ = {isa = PBXBuildFile; fileRef = C1F67D2721BFA6FE00CDC2ED /* Reachability.swift */; };
		C1F67D2A21BFA79300CDC2ED /* TextViewer.swift in Sources */ = {isa = PBXBuildFile; fileRef = C1F67D2921BFA79300CDC2ED /* TextViewer.swift */; };
		C1F67D2C21BFA7C000CDC2ED /* iPadDetail.swift in Sources */ = {isa = PBXBuildFile; fileRef = C1F67D2B21BFA7C000CDC2ED /* iPadDetail.swift */; };
		C1F67D2E21BFA7DA00CDC2ED /* Secret.swift in Sources */ = {isa = PBXBuildFile; fileRef = C1F67D2D21BFA7DA00CDC2ED /* Secret.swift */; };
		C1F67D3021BFA90500CDC2ED /* UIViewControllerExtension.swift in Sources */ = {isa = PBXBuildFile; fileRef = C1F67D2F21BFA90500CDC2ED /* UIViewControllerExtension.swift */; };
		C1F67D3E21BFB75300CDC2ED /* Recorder.swift in Sources */ = {isa = PBXBuildFile; fileRef = C1F67D3221BFB75200CDC2ED /* Recorder.swift */; };
		C1F67D3F21BFB75300CDC2ED /* Vocabulary.swift in Sources */ = {isa = PBXBuildFile; fileRef = C1F67D3321BFB75300CDC2ED /* Vocabulary.swift */; };
		C1F67D4021BFB75300CDC2ED /* Speaker.swift in Sources */ = {isa = PBXBuildFile; fileRef = C1F67D3421BFB75300CDC2ED /* Speaker.swift */; };
		C1F67D4121BFB75300CDC2ED /* Texter.swift in Sources */ = {isa = PBXBuildFile; fileRef = C1F67D3521BFB75300CDC2ED /* Texter.swift */; };
		C1F67D4221BFB75300CDC2ED /* Analyser.swift in Sources */ = {isa = PBXBuildFile; fileRef = C1F67D3621BFB75300CDC2ED /* Analyser.swift */; };
		C1F67D4321BFB75300CDC2ED /* Assistant.swift in Sources */ = {isa = PBXBuildFile; fileRef = C1F67D3721BFB75300CDC2ED /* Assistant.swift */; };
		C1F67D4421BFB75300CDC2ED /* SendSpeechOrder.swift in Sources */ = {isa = PBXBuildFile; fileRef = C1F67D3921BFB75300CDC2ED /* SendSpeechOrder.swift */; };
		C1F67D4521BFB75300CDC2ED /* ReceiveSpeechOrder.swift in Sources */ = {isa = PBXBuildFile; fileRef = C1F67D3A21BFB75300CDC2ED /* ReceiveSpeechOrder.swift */; };
		C1F67D4621BFB75300CDC2ED /* SellSpeechOrder.swift in Sources */ = {isa = PBXBuildFile; fileRef = C1F67D3B21BFB75300CDC2ED /* SellSpeechOrder.swift */; };
		C1F67D4721BFB75300CDC2ED /* BuySpeechOrder.swift in Sources */ = {isa = PBXBuildFile; fileRef = C1F67D3C21BFB75300CDC2ED /* BuySpeechOrder.swift */; };
		C1F67D4821BFB75300CDC2ED /* SpeechModel.swift in Sources */ = {isa = PBXBuildFile; fileRef = C1F67D3D21BFB75300CDC2ED /* SpeechModel.swift */; };
		C1F67D4C21BFB7F800CDC2ED /* knPopup.swift in Sources */ = {isa = PBXBuildFile; fileRef = C1F67D4B21BFB7F800CDC2ED /* knPopup.swift */; };
		C1F67D4E21BFBE7A00CDC2ED /* AvatarGenerator.swift in Sources */ = {isa = PBXBuildFile; fileRef = C1F67D4D21BFBE7A00CDC2ED /* AvatarGenerator.swift */; };
		C1F67D5521BFC02D00CDC2ED /* ConfirmationBox.swift in Sources */ = {isa = PBXBuildFile; fileRef = C1F67D5321BFC02D00CDC2ED /* ConfirmationBox.swift */; };
		C1F67D5621BFC02D00CDC2ED /* PermissionPopup.swift in Sources */ = {isa = PBXBuildFile; fileRef = C1F67D5421BFC02D00CDC2ED /* PermissionPopup.swift */; };
		C1F67D5821BFC0F100CDC2ED /* SystemSetting.swift in Sources */ = {isa = PBXBuildFile; fileRef = C1F67D5721BFC0F100CDC2ED /* SystemSetting.swift */; };
		C1F67D5C21BFC1CF00CDC2ED /* DateView.swift in Sources */ = {isa = PBXBuildFile; fileRef = C1F67D5B21BFC1CF00CDC2ED /* DateView.swift */; };
		C1F67D6221BFC28800CDC2ED /* AddMethodDelegate.swift in Sources */ = {isa = PBXBuildFile; fileRef = C1F67D5E21BFC28800CDC2ED /* AddMethodDelegate.swift */; };
		C1F67D6321BFC28800CDC2ED /* GetExpireDateWorker.swift in Sources */ = {isa = PBXBuildFile; fileRef = C1F67D5F21BFC28800CDC2ED /* GetExpireDateWorker.swift */; };
		C1F67D6421BFC28800CDC2ED /* AddCard.swift in Sources */ = {isa = PBXBuildFile; fileRef = C1F67D6021BFC28800CDC2ED /* AddCard.swift */; };
		C1F67D6521BFC28800CDC2ED /* AddCard.UI.swift in Sources */ = {isa = PBXBuildFile; fileRef = C1F67D6121BFC28800CDC2ED /* AddCard.UI.swift */; };
		C1F67D6721C066C500CDC2ED /* BottomSheet.swift in Sources */ = {isa = PBXBuildFile; fileRef = C1F67D6621C066C500CDC2ED /* BottomSheet.swift */; };
		C1FDDE9B21C759C500EEC160 /* PINController.swift in Sources */ = {isa = PBXBuildFile; fileRef = C1FDDE9A21C759C500EEC160 /* PINController.swift */; };
/* End PBXBuildFile section */

/* Begin PBXFileReference section */
		0FF667B7CD5F736E0DD97499 /* Pods-knStore.release.xcconfig */ = {isa = PBXFileReference; includeInIndex = 1; lastKnownFileType = text.xcconfig; name = "Pods-knStore.release.xcconfig"; path = "Pods/Target Support Files/Pods-knStore/Pods-knStore.release.xcconfig"; sourceTree = "<group>"; };
		1847E843230D40FB00958875 /* Notification.swift */ = {isa = PBXFileReference; lastKnownFileType = sourcecode.swift; path = Notification.swift; sourceTree = "<group>"; };
		260CECA3237BB25800CBA10B /* FundSourcesView.swift */ = {isa = PBXFileReference; fileEncoding = 4; lastKnownFileType = sourcecode.swift; path = FundSourcesView.swift; sourceTree = "<group>"; };
		260CECA5237BB51C00CBA10B /* FavoriteManager.swift */ = {isa = PBXFileReference; fileEncoding = 4; lastKnownFileType = sourcecode.swift; path = FavoriteManager.swift; sourceTree = "<group>"; };
		260CECA8237BB69300CBA10B /* SpreadsheetView+UIScrollView.swift */ = {isa = PBXFileReference; fileEncoding = 4; lastKnownFileType = sourcecode.swift; path = "SpreadsheetView+UIScrollView.swift"; sourceTree = "<group>"; };
		260CECA9237BB69300CBA10B /* Location.swift */ = {isa = PBXFileReference; fileEncoding = 4; lastKnownFileType = sourcecode.swift; path = Location.swift; sourceTree = "<group>"; };
		260CECAA237BB69300CBA10B /* Address.swift */ = {isa = PBXFileReference; fileEncoding = 4; lastKnownFileType = sourcecode.swift; path = Address.swift; sourceTree = "<group>"; };
		260CECAB237BB69300CBA10B /* CircularScrolling.swift */ = {isa = PBXFileReference; fileEncoding = 4; lastKnownFileType = sourcecode.swift; path = CircularScrolling.swift; sourceTree = "<group>"; };
		260CECAC237BB69300CBA10B /* Cell.swift */ = {isa = PBXFileReference; fileEncoding = 4; lastKnownFileType = sourcecode.swift; path = Cell.swift; sourceTree = "<group>"; };
		260CECAD237BB69300CBA10B /* SpreadsheetViewDataSource.swift */ = {isa = PBXFileReference; fileEncoding = 4; lastKnownFileType = sourcecode.swift; path = SpreadsheetViewDataSource.swift; sourceTree = "<group>"; };
		260CECAE237BB69300CBA10B /* Borders.swift */ = {isa = PBXFileReference; fileEncoding = 4; lastKnownFileType = sourcecode.swift; path = Borders.swift; sourceTree = "<group>"; };
		260CECAF237BB69300CBA10B /* Array+BinarySearch.swift */ = {isa = PBXFileReference; fileEncoding = 4; lastKnownFileType = sourcecode.swift; path = "Array+BinarySearch.swift"; sourceTree = "<group>"; };
		260CECB0237BB69300CBA10B /* ScrollPosition.swift */ = {isa = PBXFileReference; fileEncoding = 4; lastKnownFileType = sourcecode.swift; path = ScrollPosition.swift; sourceTree = "<group>"; };
		260CECB1237BB69300CBA10B /* SpreadsheetView+UIViewHierarchy.swift */ = {isa = PBXFileReference; fileEncoding = 4; lastKnownFileType = sourcecode.swift; path = "SpreadsheetView+UIViewHierarchy.swift"; sourceTree = "<group>"; };
		260CECB2237BB69300CBA10B /* CellRange.swift */ = {isa = PBXFileReference; fileEncoding = 4; lastKnownFileType = sourcecode.swift; path = CellRange.swift; sourceTree = "<group>"; };
		260CECB3237BB69300CBA10B /* LayoutEngine.swift */ = {isa = PBXFileReference; fileEncoding = 4; lastKnownFileType = sourcecode.swift; path = LayoutEngine.swift; sourceTree = "<group>"; };
		260CECB4237BB69300CBA10B /* IndexPath+Column.swift */ = {isa = PBXFileReference; fileEncoding = 4; lastKnownFileType = sourcecode.swift; path = "IndexPath+Column.swift"; sourceTree = "<group>"; };
		260CECB5237BB69300CBA10B /* SpreadsheetView+Layout.swift */ = {isa = PBXFileReference; fileEncoding = 4; lastKnownFileType = sourcecode.swift; path = "SpreadsheetView+Layout.swift"; sourceTree = "<group>"; };
		260CECB6237BB69300CBA10B /* ScrollView.swift */ = {isa = PBXFileReference; fileEncoding = 4; lastKnownFileType = sourcecode.swift; path = ScrollView.swift; sourceTree = "<group>"; };
		260CECB7237BB69300CBA10B /* SpreadsheetView.swift */ = {isa = PBXFileReference; fileEncoding = 4; lastKnownFileType = sourcecode.swift; path = SpreadsheetView.swift; sourceTree = "<group>"; };
		260CECB8237BB69300CBA10B /* SpreadsheetView+UISnapshotting.swift */ = {isa = PBXFileReference; fileEncoding = 4; lastKnownFileType = sourcecode.swift; path = "SpreadsheetView+UISnapshotting.swift"; sourceTree = "<group>"; };
		260CECB9237BB69300CBA10B /* Gridlines.swift */ = {isa = PBXFileReference; fileEncoding = 4; lastKnownFileType = sourcecode.swift; path = Gridlines.swift; sourceTree = "<group>"; };
		260CECBA237BB69300CBA10B /* SpreadsheetViewDelegate.swift */ = {isa = PBXFileReference; fileEncoding = 4; lastKnownFileType = sourcecode.swift; path = SpreadsheetViewDelegate.swift; sourceTree = "<group>"; };
		260CECBB237BB69300CBA10B /* ReuseQueue.swift */ = {isa = PBXFileReference; fileEncoding = 4; lastKnownFileType = sourcecode.swift; path = ReuseQueue.swift; sourceTree = "<group>"; };
		260CECBC237BB69300CBA10B /* SpreadsheetView+Touches.swift */ = {isa = PBXFileReference; fileEncoding = 4; lastKnownFileType = sourcecode.swift; path = "SpreadsheetView+Touches.swift"; sourceTree = "<group>"; };
		260CECBD237BB69300CBA10B /* SpreadsheetView+CirclularScrolling.swift */ = {isa = PBXFileReference; fileEncoding = 4; lastKnownFileType = sourcecode.swift; path = "SpreadsheetView+CirclularScrolling.swift"; sourceTree = "<group>"; };
		260CECBE237BB69300CBA10B /* SpreadsheetView+UIScrollViewDelegate.swift */ = {isa = PBXFileReference; fileEncoding = 4; lastKnownFileType = sourcecode.swift; path = "SpreadsheetView+UIScrollViewDelegate.swift"; sourceTree = "<group>"; };
		26212A552269CBD500A2B658 /* BadgeView.swift */ = {isa = PBXFileReference; lastKnownFileType = sourcecode.swift; path = BadgeView.swift; sourceTree = "<group>"; };
		262357E32309C1A900DC4466 /* FileStorage.swift */ = {isa = PBXFileReference; lastKnownFileType = sourcecode.swift; path = FileStorage.swift; sourceTree = "<group>"; };
		262357E52309C1F800DC4466 /* FirebaseAuth.swift */ = {isa = PBXFileReference; fileEncoding = 4; lastKnownFileType = sourcecode.swift; path = FirebaseAuth.swift; sourceTree = "<group>"; };
		262357E62309C1F900DC4466 /* Firestore.swift */ = {isa = PBXFileReference; fileEncoding = 4; lastKnownFileType = sourcecode.swift; path = Firestore.swift; sourceTree = "<group>"; };
		262357EA2309C21300DC4466 /* LoginInteraction.swift */ = {isa = PBXFileReference; fileEncoding = 4; lastKnownFileType = sourcecode.swift; path = LoginInteraction.swift; sourceTree = "<group>"; };
		262357EB2309C21300DC4466 /* LoginUI.swift */ = {isa = PBXFileReference; fileEncoding = 4; lastKnownFileType = sourcecode.swift; path = LoginUI.swift; sourceTree = "<group>"; };
		262357EC2309C21300DC4466 /* LoginController.swift */ = {isa = PBXFileReference; fileEncoding = 4; lastKnownFileType = sourcecode.swift; path = LoginController.swift; sourceTree = "<group>"; };
		262357ED2309C21300DC4466 /* LoginWorker.swift */ = {isa = PBXFileReference; fileEncoding = 4; lastKnownFileType = sourcecode.swift; path = LoginWorker.swift; sourceTree = "<group>"; };
		262357EF2309C21400DC4466 /* RegisterWorker.swift */ = {isa = PBXFileReference; fileEncoding = 4; lastKnownFileType = sourcecode.swift; path = RegisterWorker.swift; sourceTree = "<group>"; };
		262357F02309C21400DC4466 /* RegisterInteraction.swift */ = {isa = PBXFileReference; fileEncoding = 4; lastKnownFileType = sourcecode.swift; path = RegisterInteraction.swift; sourceTree = "<group>"; };
		262357F12309C21400DC4466 /* RegisterUI.swift */ = {isa = PBXFileReference; fileEncoding = 4; lastKnownFileType = sourcecode.swift; path = RegisterUI.swift; sourceTree = "<group>"; };
		262357F22309C21400DC4466 /* RegisterController.swift */ = {isa = PBXFileReference; fileEncoding = 4; lastKnownFileType = sourcecode.swift; path = RegisterController.swift; sourceTree = "<group>"; };
		262357F42309C21400DC4466 /* ChangePasswordWorker.swift */ = {isa = PBXFileReference; fileEncoding = 4; lastKnownFileType = sourcecode.swift; path = ChangePasswordWorker.swift; sourceTree = "<group>"; };
		262357F52309C21400DC4466 /* ChangePass.swift */ = {isa = PBXFileReference; fileEncoding = 4; lastKnownFileType = sourcecode.swift; path = ChangePass.swift; sourceTree = "<group>"; };
		262357F62309C21400DC4466 /* ChangePass.UI.swift */ = {isa = PBXFileReference; fileEncoding = 4; lastKnownFileType = sourcecode.swift; path = ChangePass.UI.swift; sourceTree = "<group>"; };
		262B72242265C6C60085DB18 /* loading.gif */ = {isa = PBXFileReference; lastKnownFileType = image.gif; path = loading.gif; sourceTree = "<group>"; };
		26762FEF22FEE3C300C77895 /* Messenger.swift */ = {isa = PBXFileReference; lastKnownFileType = sourcecode.swift; path = Messenger.swift; sourceTree = "<group>"; };
		26B74FE021F07CCC0005BA27 /* Login.swift */ = {isa = PBXFileReference; fileEncoding = 4; lastKnownFileType = sourcecode.swift; path = Login.swift; sourceTree = "<group>"; };
		26B74FF321F175FD0005BA27 /* StripeWrapper.swift */ = {isa = PBXFileReference; fileEncoding = 4; lastKnownFileType = sourcecode.swift; path = StripeWrapper.swift; sourceTree = "<group>"; };
		26C2813722AF5BBE0058910B /* Fonts */ = {isa = PBXFileReference; lastKnownFileType = folder; path = Fonts; sourceTree = "<group>"; };
		26C8B54022B20F7300D83413 /* FacebookLoginWorker.swift */ = {isa = PBXFileReference; fileEncoding = 4; lastKnownFileType = sourcecode.swift; path = FacebookLoginWorker.swift; sourceTree = "<group>"; };
		26C8B54222B20F9200D83413 /* KMPlaceholderTextView.swift */ = {isa = PBXFileReference; fileEncoding = 4; lastKnownFileType = sourcecode.swift; path = KMPlaceholderTextView.swift; sourceTree = "<group>"; };
		9BC6340EF2B88E2815965290 /* Pods-knStore.debug.xcconfig */ = {isa = PBXFileReference; includeInIndex = 1; lastKnownFileType = text.xcconfig; name = "Pods-knStore.debug.xcconfig"; path = "Pods/Target Support Files/Pods-knStore/Pods-knStore.debug.xcconfig"; sourceTree = "<group>"; };
		C1F67C4721BE6F4800CDC2ED /* knStore.app */ = {isa = PBXFileReference; explicitFileType = wrapper.application; includeInIndex = 0; path = knStore.app; sourceTree = BUILT_PRODUCTS_DIR; };
		C1F67C4A21BE6F4800CDC2ED /* AppDelegate.swift */ = {isa = PBXFileReference; lastKnownFileType = sourcecode.swift; path = AppDelegate.swift; sourceTree = "<group>"; };
		C1F67C4C21BE6F4800CDC2ED /* ViewController.swift */ = {isa = PBXFileReference; lastKnownFileType = sourcecode.swift; path = ViewController.swift; sourceTree = "<group>"; };
		C1F67C4F21BE6F4800CDC2ED /* Base */ = {isa = PBXFileReference; lastKnownFileType = file.storyboard; name = Base; path = Base.lproj/Main.storyboard; sourceTree = "<group>"; };
		C1F67C5121BE6F4900CDC2ED /* Assets.xcassets */ = {isa = PBXFileReference; lastKnownFileType = folder.assetcatalog; path = Assets.xcassets; sourceTree = "<group>"; };
		C1F67C5421BE6F4900CDC2ED /* Base */ = {isa = PBXFileReference; lastKnownFileType = file.storyboard; name = Base; path = Base.lproj/LaunchScreen.storyboard; sourceTree = "<group>"; };
		C1F67C5621BE6F4900CDC2ED /* Info.plist */ = {isa = PBXFileReference; lastKnownFileType = text.plist.xml; path = Info.plist; sourceTree = "<group>"; };
		C1F67C5F21BE713900CDC2ED /* General.swift */ = {isa = PBXFileReference; fileEncoding = 4; lastKnownFileType = sourcecode.swift; path = General.swift; sourceTree = "<group>"; };
		C1F67C6021BE713900CDC2ED /* UISearchBarExtension.swift */ = {isa = PBXFileReference; fileEncoding = 4; lastKnownFileType = sourcecode.swift; path = UISearchBarExtension.swift; sourceTree = "<group>"; };
		C1F67C6121BE713900CDC2ED /* StringExtension.swift */ = {isa = PBXFileReference; fileEncoding = 4; lastKnownFileType = sourcecode.swift; path = StringExtension.swift; sourceTree = "<group>"; };
		C1F67C6221BE713900CDC2ED /* UITextFieldExtension.swift */ = {isa = PBXFileReference; fileEncoding = 4; lastKnownFileType = sourcecode.swift; path = UITextFieldExtension.swift; sourceTree = "<group>"; };
		C1F67C6321BE713900CDC2ED /* knConstraints.swift */ = {isa = PBXFileReference; fileEncoding = 4; lastKnownFileType = sourcecode.swift; path = knConstraints.swift; sourceTree = "<group>"; };
		C1F67C6421BE713900CDC2ED /* UIFontExtension.swift */ = {isa = PBXFileReference; fileEncoding = 4; lastKnownFileType = sourcecode.swift; path = UIFontExtension.swift; sourceTree = "<group>"; };
		C1F67C6521BE713900CDC2ED /* knView.swift */ = {isa = PBXFileReference; fileEncoding = 4; lastKnownFileType = sourcecode.swift; path = knView.swift; sourceTree = "<group>"; };
		C1F67C6621BE713900CDC2ED /* knController.swift */ = {isa = PBXFileReference; fileEncoding = 4; lastKnownFileType = sourcecode.swift; path = knController.swift; sourceTree = "<group>"; };
		C1F67C6721BE713900CDC2ED /* UIColorExtension.swift */ = {isa = PBXFileReference; fileEncoding = 4; lastKnownFileType = sourcecode.swift; path = UIColorExtension.swift; sourceTree = "<group>"; };
		C1F67C6821BE713900CDC2ED /* 1.Setting.swift */ = {isa = PBXFileReference; fileEncoding = 4; lastKnownFileType = sourcecode.swift; path = 1.Setting.swift; sourceTree = "<group>"; };
		C1F67C6921BE713900CDC2ED /* UIViewExtension.swift */ = {isa = PBXFileReference; fileEncoding = 4; lastKnownFileType = sourcecode.swift; path = UIViewExtension.swift; sourceTree = "<group>"; };
		C1F67C6A21BE713900CDC2ED /* knUIMaker.swift */ = {isa = PBXFileReference; fileEncoding = 4; lastKnownFileType = sourcecode.swift; path = knUIMaker.swift; sourceTree = "<group>"; };
		C1F67C6B21BE713A00CDC2ED /* ApiConnector.swift */ = {isa = PBXFileReference; fileEncoding = 4; lastKnownFileType = sourcecode.swift; path = ApiConnector.swift; sourceTree = "<group>"; };
		C1F67C6C21BE713A00CDC2ED /* UIApplicationExtension.swift */ = {isa = PBXFileReference; fileEncoding = 4; lastKnownFileType = sourcecode.swift; path = UIApplicationExtension.swift; sourceTree = "<group>"; };
		C1F67C6E21BE713A00CDC2ED /* UIButtonExtension.swift */ = {isa = PBXFileReference; fileEncoding = 4; lastKnownFileType = sourcecode.swift; path = UIButtonExtension.swift; sourceTree = "<group>"; };
		C1F67C6F21BE713A00CDC2ED /* OtherExtensions.swift */ = {isa = PBXFileReference; fileEncoding = 4; lastKnownFileType = sourcecode.swift; path = OtherExtensions.swift; sourceTree = "<group>"; };
		C1F67C7021BE713A00CDC2ED /* IntExtension.swift */ = {isa = PBXFileReference; fileEncoding = 4; lastKnownFileType = sourcecode.swift; path = IntExtension.swift; sourceTree = "<group>"; };
		C1F67C7121BE713A00CDC2ED /* UIImageExtension.swift */ = {isa = PBXFileReference; fileEncoding = 4; lastKnownFileType = sourcecode.swift; path = UIImageExtension.swift; sourceTree = "<group>"; };
		C1F67C7221BE713A00CDC2ED /* DateExtension.swift */ = {isa = PBXFileReference; fileEncoding = 4; lastKnownFileType = sourcecode.swift; path = DateExtension.swift; sourceTree = "<group>"; };
		C1F67C8B21BEFEA100CDC2ED /* knListView.swift */ = {isa = PBXFileReference; fileEncoding = 4; lastKnownFileType = sourcecode.swift; path = knListView.swift; sourceTree = "<group>"; };
		C1F67C8C21BEFEA100CDC2ED /* knGridView.swift */ = {isa = PBXFileReference; fileEncoding = 4; lastKnownFileType = sourcecode.swift; path = knGridView.swift; sourceTree = "<group>"; };
		C1F67C9021BF65C100CDC2ED /* Controller+Keyboard.swift */ = {isa = PBXFileReference; fileEncoding = 4; lastKnownFileType = sourcecode.swift; path = "Controller+Keyboard.swift"; sourceTree = "<group>"; };
		C1F67C9121BF65C100CDC2ED /* Localization.swift */ = {isa = PBXFileReference; fileEncoding = 4; lastKnownFileType = sourcecode.swift; path = Localization.swift; sourceTree = "<group>"; };
		C1F67C9221BF65C100CDC2ED /* DeviceType.swift */ = {isa = PBXFileReference; fileEncoding = 4; lastKnownFileType = sourcecode.swift; path = DeviceType.swift; sourceTree = "<group>"; };
		C1F67C9721BF67AE00CDC2ED /* WebBrowser.swift */ = {isa = PBXFileReference; fileEncoding = 4; lastKnownFileType = sourcecode.swift; path = WebBrowser.swift; sourceTree = "<group>"; };
		C1F67C9921BF67AE00CDC2ED /* knImageSlideView.swift */ = {isa = PBXFileReference; fileEncoding = 4; lastKnownFileType = sourcecode.swift; path = knImageSlideView.swift; sourceTree = "<group>"; };
		C1F67C9C21BF67AE00CDC2ED /* knComposerView.swift */ = {isa = PBXFileReference; fileEncoding = 4; lastKnownFileType = sourcecode.swift; path = knComposerView.swift; sourceTree = "<group>"; };
		C1F67C9D21BF67AE00CDC2ED /* UIImage+Gif.swift */ = {isa = PBXFileReference; fileEncoding = 4; lastKnownFileType = sourcecode.swift; path = "UIImage+Gif.swift"; sourceTree = "<group>"; };
		C1F67C9E21BF67AE00CDC2ED /* RecordView.swift */ = {isa = PBXFileReference; fileEncoding = 4; lastKnownFileType = sourcecode.swift; path = RecordView.swift; sourceTree = "<group>"; };
		C1F67C9F21BF67AE00CDC2ED /* knDotLoadingIndicator.swift */ = {isa = PBXFileReference; fileEncoding = 4; lastKnownFileType = sourcecode.swift; path = knDotLoadingIndicator.swift; sourceTree = "<group>"; };
		C1F67CA021BF67AE00CDC2ED /* knDateDialog.swift */ = {isa = PBXFileReference; fileEncoding = 4; lastKnownFileType = sourcecode.swift; path = knDateDialog.swift; sourceTree = "<group>"; };
		C1F67CA121BF67AE00CDC2ED /* MapController.swift */ = {isa = PBXFileReference; fileEncoding = 4; lastKnownFileType = sourcecode.swift; path = MapController.swift; sourceTree = "<group>"; };
		C1F67CA221BF67AE00CDC2ED /* knCodeView.swift */ = {isa = PBXFileReference; fileEncoding = 4; lastKnownFileType = sourcecode.swift; path = knCodeView.swift; sourceTree = "<group>"; };
		C1F67CA321BF67AE00CDC2ED /* knRippleAnimationView.swift */ = {isa = PBXFileReference; fileEncoding = 4; lastKnownFileType = sourcecode.swift; path = knRippleAnimationView.swift; sourceTree = "<group>"; };
		C1F67CA521BF67AE00CDC2ED /* knAnalogClockView.swift */ = {isa = PBXFileReference; fileEncoding = 4; lastKnownFileType = sourcecode.swift; path = knAnalogClockView.swift; sourceTree = "<group>"; };
		C1F67CA621BF67AE00CDC2ED /* knTwoColumnsController.swift */ = {isa = PBXFileReference; fileEncoding = 4; lastKnownFileType = sourcecode.swift; path = knTwoColumnsController.swift; sourceTree = "<group>"; };
		C1F67CA721BF67AE00CDC2ED /* RSKCollectionViewRetractableFirstItemLayout.swift */ = {isa = PBXFileReference; fileEncoding = 4; lastKnownFileType = sourcecode.swift; path = RSKCollectionViewRetractableFirstItemLayout.swift; sourceTree = "<group>"; };
		C1F67CA821BF67AE00CDC2ED /* ZFRippleButton.swift */ = {isa = PBXFileReference; fileEncoding = 4; lastKnownFileType = sourcecode.swift; path = ZFRippleButton.swift; sourceTree = "<group>"; };
		C1F67CAC21BF67AE00CDC2ED /* knPagerController.swift */ = {isa = PBXFileReference; fileEncoding = 4; lastKnownFileType = sourcecode.swift; path = knPagerController.swift; sourceTree = "<group>"; };
		C1F67CAD21BF67AE00CDC2ED /* knUnderlineTextField.swift */ = {isa = PBXFileReference; fileEncoding = 4; lastKnownFileType = sourcecode.swift; path = knUnderlineTextField.swift; sourceTree = "<group>"; };
		C1F67CAF21BF67AE00CDC2ED /* TransitionSubmitButton.swift */ = {isa = PBXFileReference; fileEncoding = 4; lastKnownFileType = sourcecode.swift; path = TransitionSubmitButton.swift; sourceTree = "<group>"; };
		C1F67CB021BF67AE00CDC2ED /* QRScanner.swift */ = {isa = PBXFileReference; fileEncoding = 4; lastKnownFileType = sourcecode.swift; path = QRScanner.swift; sourceTree = "<group>"; };
		C1F67CB121BF67AE00CDC2ED /* SnakePageControl.swift */ = {isa = PBXFileReference; fileEncoding = 4; lastKnownFileType = sourcecode.swift; path = SnakePageControl.swift; sourceTree = "<group>"; };
		C1F67CB221BF67AE00CDC2ED /* knBarButtonNumber.swift */ = {isa = PBXFileReference; fileEncoding = 4; lastKnownFileType = sourcecode.swift; path = knBarButtonNumber.swift; sourceTree = "<group>"; };
		C1F67CB321BF67AE00CDC2ED /* PagerController.swift */ = {isa = PBXFileReference; fileEncoding = 4; lastKnownFileType = sourcecode.swift; path = PagerController.swift; sourceTree = "<group>"; };
		C1F67CB421BF67AE00CDC2ED /* knAnimationScrollView.swift */ = {isa = PBXFileReference; fileEncoding = 4; lastKnownFileType = sourcecode.swift; path = knAnimationScrollView.swift; sourceTree = "<group>"; };
		C1F67CB621BF67AE00CDC2ED /* QRCode.swift */ = {isa = PBXFileReference; fileEncoding = 4; lastKnownFileType = sourcecode.swift; path = QRCode.swift; sourceTree = "<group>"; };
		C1F67CB721BF67AE00CDC2ED /* knDraggableViewCollection.swift */ = {isa = PBXFileReference; fileEncoding = 4; lastKnownFileType = sourcecode.swift; path = knDraggableViewCollection.swift; sourceTree = "<group>"; };
		C1F67CB821BF67AE00CDC2ED /* GradientView.swift */ = {isa = PBXFileReference; fileEncoding = 4; lastKnownFileType = sourcecode.swift; path = GradientView.swift; sourceTree = "<group>"; };
		C1F67CBB21BF67AE00CDC2ED /* knTagView.swift */ = {isa = PBXFileReference; fileEncoding = 4; lastKnownFileType = sourcecode.swift; path = knTagView.swift; sourceTree = "<group>"; };
		C1F67CBC21BF67AE00CDC2ED /* PlacePickerView.swift */ = {isa = PBXFileReference; fileEncoding = 4; lastKnownFileType = sourcecode.swift; path = PlacePickerView.swift; sourceTree = "<group>"; };
		C1F67CBD21BF67AE00CDC2ED /* knGistTextField.swift */ = {isa = PBXFileReference; fileEncoding = 4; lastKnownFileType = sourcecode.swift; path = knGistTextField.swift; sourceTree = "<group>"; };
		C1F67CE521BF6FDC00CDC2ED /* TermLabel.swift */ = {isa = PBXFileReference; fileEncoding = 4; lastKnownFileType = sourcecode.swift; path = TermLabel.swift; sourceTree = "<group>"; };
		C1F67CE621BF6FDD00CDC2ED /* knTabController.swift */ = {isa = PBXFileReference; fileEncoding = 4; lastKnownFileType = sourcecode.swift; path = knTabController.swift; sourceTree = "<group>"; };
		C1F67CE721BF6FDD00CDC2ED /* knPicker.swift */ = {isa = PBXFileReference; fileEncoding = 4; lastKnownFileType = sourcecode.swift; path = knPicker.swift; sourceTree = "<group>"; };
		C1F67CEB21BF6FF600CDC2ED /* knStateview.swift */ = {isa = PBXFileReference; fileEncoding = 4; lastKnownFileType = sourcecode.swift; path = knStateview.swift; sourceTree = "<group>"; };
		C1F67CED21BF705500CDC2ED /* knSectionList.swift */ = {isa = PBXFileReference; fileEncoding = 4; lastKnownFileType = sourcecode.swift; path = knSectionList.swift; sourceTree = "<group>"; };
		C1F67CEF21BF711F00CDC2ED /* knExpandList.swift */ = {isa = PBXFileReference; lastKnownFileType = sourcecode.swift; path = knExpandList.swift; sourceTree = "<group>"; };
		C1F67CF221BF73FC00CDC2ED /* GeocodingWorker.swift */ = {isa = PBXFileReference; fileEncoding = 4; lastKnownFileType = sourcecode.swift; path = GeocodingWorker.swift; sourceTree = "<group>"; };
		C1F67CF321BF73FC00CDC2ED /* RequestLocationWorker.swift */ = {isa = PBXFileReference; fileEncoding = 4; lastKnownFileType = sourcecode.swift; path = RequestLocationWorker.swift; sourceTree = "<group>"; };
		C1F67CF421BF73FC00CDC2ED /* UploadWorker.swift */ = {isa = PBXFileReference; fileEncoding = 4; lastKnownFileType = sourcecode.swift; path = UploadWorker.swift; sourceTree = "<group>"; };
		C1F67CF721BF73FC00CDC2ED /* knPhotoSelectWorker.swift */ = {isa = PBXFileReference; fileEncoding = 4; lastKnownFileType = sourcecode.swift; path = knPhotoSelectWorker.swift; sourceTree = "<group>"; };
		C1F67CF821BF73FC00CDC2ED /* GoogleLocationManager.swift */ = {isa = PBXFileReference; fileEncoding = 4; lastKnownFileType = sourcecode.swift; path = GoogleLocationManager.swift; sourceTree = "<group>"; };
		C1F67CF921BF73FC00CDC2ED /* LocationWorker.swift */ = {isa = PBXFileReference; fileEncoding = 4; lastKnownFileType = sourcecode.swift; path = LocationWorker.swift; sourceTree = "<group>"; };
		C1F67CFB21BF73FC00CDC2ED /* RegisterDeviceTokenWorker.swift */ = {isa = PBXFileReference; fileEncoding = 4; lastKnownFileType = sourcecode.swift; path = RegisterDeviceTokenWorker.swift; sourceTree = "<group>"; };
		C1F67D0621BF740200CDC2ED /* AnimateItemCollectionLayout.swift */ = {isa = PBXFileReference; fileEncoding = 4; lastKnownFileType = sourcecode.swift; path = AnimateItemCollectionLayout.swift; sourceTree = "<group>"; };
		C1F67D0921BF74D800CDC2ED /* SearchHistoryWorker.swift */ = {isa = PBXFileReference; fileEncoding = 4; lastKnownFileType = sourcecode.swift; path = SearchHistoryWorker.swift; sourceTree = "<group>"; };
		C1F67D0B21BF75F300CDC2ED /* NavigationExtension.swift */ = {isa = PBXFileReference; lastKnownFileType = sourcecode.swift; path = NavigationExtension.swift; sourceTree = "<group>"; };
		C1F67D0D21BF783E00CDC2ED /* PasswordValidation.swift */ = {isa = PBXFileReference; fileEncoding = 4; lastKnownFileType = sourcecode.swift; path = PasswordValidation.swift; sourceTree = "<group>"; };
		C1F67D1121BF792100CDC2ED /* 1.StartPoint.swift */ = {isa = PBXFileReference; lastKnownFileType = sourcecode.swift; path = 1.StartPoint.swift; sourceTree = "<group>"; };
		C1F67D1321BF7B5200CDC2ED /* Boss.swift */ = {isa = PBXFileReference; fileEncoding = 4; lastKnownFileType = sourcecode.swift; path = Boss.swift; sourceTree = "<group>"; };
		C1F67D1521BF835B00CDC2ED /* RegisterValidation.swift */ = {isa = PBXFileReference; lastKnownFileType = sourcecode.swift; path = RegisterValidation.swift; sourceTree = "<group>"; };
		C1F67D1721BFA00200CDC2ED /* AnnouncementView.swift */ = {isa = PBXFileReference; fileEncoding = 4; lastKnownFileType = sourcecode.swift; path = AnnouncementView.swift; sourceTree = "<group>"; };
		C1F67D1921BFA11600CDC2ED /* FAPaginationLayout.swift */ = {isa = PBXFileReference; fileEncoding = 4; lastKnownFileType = sourcecode.swift; path = FAPaginationLayout.swift; sourceTree = "<group>"; };
		C1F67D1B21BFA17600CDC2ED /* Authentication.swift */ = {isa = PBXFileReference; fileEncoding = 4; lastKnownFileType = sourcecode.swift; path = Authentication.swift; sourceTree = "<group>"; };
		C1F67D1D21BFA1FD00CDC2ED /* Camera.swift */ = {isa = PBXFileReference; fileEncoding = 4; lastKnownFileType = sourcecode.swift; path = Camera.swift; sourceTree = "<group>"; };
		C1F67D1F21BFA2CB00CDC2ED /* DNSPopup.swift */ = {isa = PBXFileReference; fileEncoding = 4; lastKnownFileType = sourcecode.swift; path = DNSPopup.swift; sourceTree = "<group>"; };
		C1F67D2121BFA66900CDC2ED /* OTPView.swift */ = {isa = PBXFileReference; fileEncoding = 4; lastKnownFileType = sourcecode.swift; path = OTPView.swift; sourceTree = "<group>"; };
		C1F67D2521BFA6D100CDC2ED /* PhotoThumbView.swift */ = {isa = PBXFileReference; fileEncoding = 4; lastKnownFileType = sourcecode.swift; path = PhotoThumbView.swift; sourceTree = "<group>"; };
		C1F67D2721BFA6FE00CDC2ED /* Reachability.swift */ = {isa = PBXFileReference; fileEncoding = 4; lastKnownFileType = sourcecode.swift; path = Reachability.swift; sourceTree = "<group>"; };
		C1F67D2921BFA79300CDC2ED /* TextViewer.swift */ = {isa = PBXFileReference; fileEncoding = 4; lastKnownFileType = sourcecode.swift; path = TextViewer.swift; sourceTree = "<group>"; };
		C1F67D2B21BFA7C000CDC2ED /* iPadDetail.swift */ = {isa = PBXFileReference; fileEncoding = 4; lastKnownFileType = sourcecode.swift; path = iPadDetail.swift; sourceTree = "<group>"; };
		C1F67D2D21BFA7DA00CDC2ED /* Secret.swift */ = {isa = PBXFileReference; fileEncoding = 4; lastKnownFileType = sourcecode.swift; path = Secret.swift; sourceTree = "<group>"; };
		C1F67D2F21BFA90500CDC2ED /* UIViewControllerExtension.swift */ = {isa = PBXFileReference; lastKnownFileType = sourcecode.swift; path = UIViewControllerExtension.swift; sourceTree = "<group>"; };
		C1F67D3221BFB75200CDC2ED /* Recorder.swift */ = {isa = PBXFileReference; fileEncoding = 4; lastKnownFileType = sourcecode.swift; path = Recorder.swift; sourceTree = "<group>"; };
		C1F67D3321BFB75300CDC2ED /* Vocabulary.swift */ = {isa = PBXFileReference; fileEncoding = 4; lastKnownFileType = sourcecode.swift; path = Vocabulary.swift; sourceTree = "<group>"; };
		C1F67D3421BFB75300CDC2ED /* Speaker.swift */ = {isa = PBXFileReference; fileEncoding = 4; lastKnownFileType = sourcecode.swift; path = Speaker.swift; sourceTree = "<group>"; };
		C1F67D3521BFB75300CDC2ED /* Texter.swift */ = {isa = PBXFileReference; fileEncoding = 4; lastKnownFileType = sourcecode.swift; path = Texter.swift; sourceTree = "<group>"; };
		C1F67D3621BFB75300CDC2ED /* Analyser.swift */ = {isa = PBXFileReference; fileEncoding = 4; lastKnownFileType = sourcecode.swift; path = Analyser.swift; sourceTree = "<group>"; };
		C1F67D3721BFB75300CDC2ED /* Assistant.swift */ = {isa = PBXFileReference; fileEncoding = 4; lastKnownFileType = sourcecode.swift; path = Assistant.swift; sourceTree = "<group>"; };
		C1F67D3921BFB75300CDC2ED /* SendSpeechOrder.swift */ = {isa = PBXFileReference; fileEncoding = 4; lastKnownFileType = sourcecode.swift; path = SendSpeechOrder.swift; sourceTree = "<group>"; };
		C1F67D3A21BFB75300CDC2ED /* ReceiveSpeechOrder.swift */ = {isa = PBXFileReference; fileEncoding = 4; lastKnownFileType = sourcecode.swift; path = ReceiveSpeechOrder.swift; sourceTree = "<group>"; };
		C1F67D3B21BFB75300CDC2ED /* SellSpeechOrder.swift */ = {isa = PBXFileReference; fileEncoding = 4; lastKnownFileType = sourcecode.swift; path = SellSpeechOrder.swift; sourceTree = "<group>"; };
		C1F67D3C21BFB75300CDC2ED /* BuySpeechOrder.swift */ = {isa = PBXFileReference; fileEncoding = 4; lastKnownFileType = sourcecode.swift; path = BuySpeechOrder.swift; sourceTree = "<group>"; };
		C1F67D3D21BFB75300CDC2ED /* SpeechModel.swift */ = {isa = PBXFileReference; fileEncoding = 4; lastKnownFileType = sourcecode.swift; path = SpeechModel.swift; sourceTree = "<group>"; };
		C1F67D4B21BFB7F800CDC2ED /* knPopup.swift */ = {isa = PBXFileReference; fileEncoding = 4; lastKnownFileType = sourcecode.swift; path = knPopup.swift; sourceTree = "<group>"; };
		C1F67D4D21BFBE7A00CDC2ED /* AvatarGenerator.swift */ = {isa = PBXFileReference; fileEncoding = 4; lastKnownFileType = sourcecode.swift; path = AvatarGenerator.swift; sourceTree = "<group>"; };
		C1F67D5321BFC02D00CDC2ED /* ConfirmationBox.swift */ = {isa = PBXFileReference; fileEncoding = 4; lastKnownFileType = sourcecode.swift; path = ConfirmationBox.swift; sourceTree = "<group>"; };
		C1F67D5421BFC02D00CDC2ED /* PermissionPopup.swift */ = {isa = PBXFileReference; fileEncoding = 4; lastKnownFileType = sourcecode.swift; path = PermissionPopup.swift; sourceTree = "<group>"; };
		C1F67D5721BFC0F100CDC2ED /* SystemSetting.swift */ = {isa = PBXFileReference; fileEncoding = 4; lastKnownFileType = sourcecode.swift; path = SystemSetting.swift; sourceTree = "<group>"; };
		C1F67D5B21BFC1CF00CDC2ED /* DateView.swift */ = {isa = PBXFileReference; fileEncoding = 4; lastKnownFileType = sourcecode.swift; path = DateView.swift; sourceTree = "<group>"; };
		C1F67D5E21BFC28800CDC2ED /* AddMethodDelegate.swift */ = {isa = PBXFileReference; fileEncoding = 4; lastKnownFileType = sourcecode.swift; path = AddMethodDelegate.swift; sourceTree = "<group>"; };
		C1F67D5F21BFC28800CDC2ED /* GetExpireDateWorker.swift */ = {isa = PBXFileReference; fileEncoding = 4; lastKnownFileType = sourcecode.swift; path = GetExpireDateWorker.swift; sourceTree = "<group>"; };
		C1F67D6021BFC28800CDC2ED /* AddCard.swift */ = {isa = PBXFileReference; fileEncoding = 4; lastKnownFileType = sourcecode.swift; path = AddCard.swift; sourceTree = "<group>"; };
		C1F67D6121BFC28800CDC2ED /* AddCard.UI.swift */ = {isa = PBXFileReference; fileEncoding = 4; lastKnownFileType = sourcecode.swift; path = AddCard.UI.swift; sourceTree = "<group>"; };
		C1F67D6621C066C500CDC2ED /* BottomSheet.swift */ = {isa = PBXFileReference; fileEncoding = 4; lastKnownFileType = sourcecode.swift; path = BottomSheet.swift; sourceTree = "<group>"; };
		C1FDDE9A21C759C500EEC160 /* PINController.swift */ = {isa = PBXFileReference; fileEncoding = 4; lastKnownFileType = sourcecode.swift; path = PINController.swift; sourceTree = "<group>"; };
		E314C17B2F2D391633D2A07C /* Pods_knStore.framework */ = {isa = PBXFileReference; explicitFileType = wrapper.framework; includeInIndex = 0; path = Pods_knStore.framework; sourceTree = BUILT_PRODUCTS_DIR; };
/* End PBXFileReference section */

/* Begin PBXFrameworksBuildPhase section */
		C1F67C4421BE6F4800CDC2ED /* Frameworks */ = {
			isa = PBXFrameworksBuildPhase;
			buildActionMask = 2147483647;
			files = (
				7321F2D0AAE4CCE5C7DC47EB /* Pods_knStore.framework in Frameworks */,
			);
			runOnlyForDeploymentPostprocessing = 0;
		};
/* End PBXFrameworksBuildPhase section */

/* Begin PBXGroup section */
		260CECA7237BB69300CBA10B /* Spreadsheet */ = {
			isa = PBXGroup;
			children = (
				260CECA8237BB69300CBA10B /* SpreadsheetView+UIScrollView.swift */,
				260CECA9237BB69300CBA10B /* Location.swift */,
				260CECAA237BB69300CBA10B /* Address.swift */,
				260CECAB237BB69300CBA10B /* CircularScrolling.swift */,
				260CECAC237BB69300CBA10B /* Cell.swift */,
				260CECAD237BB69300CBA10B /* SpreadsheetViewDataSource.swift */,
				260CECAE237BB69300CBA10B /* Borders.swift */,
				260CECAF237BB69300CBA10B /* Array+BinarySearch.swift */,
				260CECB0237BB69300CBA10B /* ScrollPosition.swift */,
				260CECB1237BB69300CBA10B /* SpreadsheetView+UIViewHierarchy.swift */,
				260CECB2237BB69300CBA10B /* CellRange.swift */,
				260CECB3237BB69300CBA10B /* LayoutEngine.swift */,
				260CECB4237BB69300CBA10B /* IndexPath+Column.swift */,
				260CECB5237BB69300CBA10B /* SpreadsheetView+Layout.swift */,
				260CECB6237BB69300CBA10B /* ScrollView.swift */,
				260CECB7237BB69300CBA10B /* SpreadsheetView.swift */,
				260CECB8237BB69300CBA10B /* SpreadsheetView+UISnapshotting.swift */,
				260CECB9237BB69300CBA10B /* Gridlines.swift */,
				260CECBA237BB69300CBA10B /* SpreadsheetViewDelegate.swift */,
				260CECBB237BB69300CBA10B /* ReuseQueue.swift */,
				260CECBC237BB69300CBA10B /* SpreadsheetView+Touches.swift */,
				260CECBD237BB69300CBA10B /* SpreadsheetView+CirclularScrolling.swift */,
				260CECBE237BB69300CBA10B /* SpreadsheetView+UIScrollViewDelegate.swift */,
			);
			path = Spreadsheet;
			sourceTree = "<group>";
		};
		262357E92309C21300DC4466 /* Login */ = {
			isa = PBXGroup;
			children = (
				262357EA2309C21300DC4466 /* LoginInteraction.swift */,
				262357EB2309C21300DC4466 /* LoginUI.swift */,
				262357EC2309C21300DC4466 /* LoginController.swift */,
				262357ED2309C21300DC4466 /* LoginWorker.swift */,
			);
			path = Login;
			sourceTree = "<group>";
		};
		262357EE2309C21400DC4466 /* Register */ = {
			isa = PBXGroup;
			children = (
				262357EF2309C21400DC4466 /* RegisterWorker.swift */,
				262357F02309C21400DC4466 /* RegisterInteraction.swift */,
				262357F12309C21400DC4466 /* RegisterUI.swift */,
				262357F22309C21400DC4466 /* RegisterController.swift */,
			);
			path = Register;
			sourceTree = "<group>";
		};
		262357F32309C21400DC4466 /* changePass */ = {
			isa = PBXGroup;
			children = (
				262357F42309C21400DC4466 /* ChangePasswordWorker.swift */,
				262357F52309C21400DC4466 /* ChangePass.swift */,
				262357F62309C21400DC4466 /* ChangePass.UI.swift */,
			);
			path = changePass;
			sourceTree = "<group>";
		};
		AA73B0443194979186E006C4 /* Frameworks */ = {
			isa = PBXGroup;
			children = (
				E314C17B2F2D391633D2A07C /* Pods_knStore.framework */,
			);
			name = Frameworks;
			sourceTree = "<group>";
		};
		C1F67C3E21BE6F4800CDC2ED = {
			isa = PBXGroup;
			children = (
				AA73B0443194979186E006C4 /* Frameworks */,
				E652BEFA3A2C16FB3FF7AA00 /* Pods */,
				C1F67C4821BE6F4800CDC2ED /* Products */,
				C1F67C4921BE6F4800CDC2ED /* knStore */,
			);
			sourceTree = "<group>";
		};
		C1F67C4821BE6F4800CDC2ED /* Products */ = {
			isa = PBXGroup;
			children = (
				C1F67C4721BE6F4800CDC2ED /* knStore.app */,
			);
			name = Products;
			sourceTree = "<group>";
		};
		C1F67C4921BE6F4800CDC2ED /* knStore */ = {
			isa = PBXGroup;
			children = (
				C1F67C5C21BE6FA600CDC2ED /* project_files */,
				C1F67C5D21BE707F00CDC2ED /* src */,
				26C2813722AF5BBE0058910B /* Fonts */,
			);
			path = knStore;
			sourceTree = "<group>";
		};
		C1F67C5C21BE6FA600CDC2ED /* project_files */ = {
			isa = PBXGroup;
			children = (
				C1F67C4A21BE6F4800CDC2ED /* AppDelegate.swift */,
				C1F67C5121BE6F4900CDC2ED /* Assets.xcassets */,
				C1F67C5621BE6F4900CDC2ED /* Info.plist */,
				C1F67C5321BE6F4900CDC2ED /* LaunchScreen.storyboard */,
				C1F67C4E21BE6F4800CDC2ED /* Main.storyboard */,
				C1F67C4C21BE6F4800CDC2ED /* ViewController.swift */,
			);
			path = project_files;
			sourceTree = "<group>";
		};
		C1F67C5D21BE707F00CDC2ED /* src */ = {
			isa = PBXGroup;
			children = (
				C1F67C8F21BF65C100CDC2ED /* assistants */,
				C1F67C9621BF67AE00CDC2ED /* controls */,
				C1F67C5E21BE712600CDC2ED /* must_have */,
				C1F67D0821BF740700CDC2ED /* others */,
				C1F67CF121BF73FC00CDC2ED /* workers */,
			);
			path = src;
			sourceTree = "<group>";
		};
		C1F67C5E21BE712600CDC2ED /* must_have */ = {
			isa = PBXGroup;
			children = (
				C1F67C9021BF65C100CDC2ED /* Controller+Keyboard.swift */,
				C1F67C6821BE713900CDC2ED /* 1.Setting.swift */,
				C1F67D1121BF792100CDC2ED /* 1.StartPoint.swift */,
				C1F67C7221BE713A00CDC2ED /* DateExtension.swift */,
				C1F67C9221BF65C100CDC2ED /* DeviceType.swift */,
				C1F67C5F21BE713900CDC2ED /* General.swift */,
				C1F67C7021BE713A00CDC2ED /* IntExtension.swift */,
				C1F67D0B21BF75F300CDC2ED /* NavigationExtension.swift */,
				C1F67C6F21BE713A00CDC2ED /* OtherExtensions.swift */,
				C1F67C6B21BE713A00CDC2ED /* ApiConnector.swift */,
				C1F67C6121BE713900CDC2ED /* StringExtension.swift */,
				C1F67C6C21BE713A00CDC2ED /* UIApplicationExtension.swift */,
				C1F67C6E21BE713A00CDC2ED /* UIButtonExtension.swift */,
				C1F67C6721BE713900CDC2ED /* UIColorExtension.swift */,
				C1F67C6421BE713900CDC2ED /* UIFontExtension.swift */,
				C1F67C7121BE713A00CDC2ED /* UIImageExtension.swift */,
				C1F67C6021BE713900CDC2ED /* UISearchBarExtension.swift */,
				C1F67C6221BE713900CDC2ED /* UITextFieldExtension.swift */,
				C1F67D2F21BFA90500CDC2ED /* UIViewControllerExtension.swift */,
				C1F67C6921BE713900CDC2ED /* UIViewExtension.swift */,
				C1F67C6321BE713900CDC2ED /* knConstraints.swift */,
				C1F67C6621BE713900CDC2ED /* knController.swift */,
				C1F67C8C21BEFEA100CDC2ED /* knGridView.swift */,
				C1F67C8B21BEFEA100CDC2ED /* knListView.swift */,
				C1F67C6A21BE713900CDC2ED /* knUIMaker.swift */,
				C1F67C6521BE713900CDC2ED /* knView.swift */,
				26762FEF22FEE3C300C77895 /* Messenger.swift */,
			);
			path = must_have;
			sourceTree = "<group>";
		};
		C1F67C8F21BF65C100CDC2ED /* assistants */ = {
			isa = PBXGroup;
			children = (
				260CECA5237BB51C00CBA10B /* FavoriteManager.swift */,
				260CECA7237BB69300CBA10B /* Spreadsheet */,
				262357F32309C21400DC4466 /* changePass */,
				262357E92309C21300DC4466 /* Login */,
				262357EE2309C21400DC4466 /* Register */,
				C1F67D5D21BFC28800CDC2ED /* addCard */,
				C1F67D3121BFB75200CDC2ED /* voice_assistant */,
				260CECA3237BB25800CBA10B /* FundSourcesView.swift */,
				C1F67C9121BF65C100CDC2ED /* Localization.swift */,
				262357E32309C1A900DC4466 /* FileStorage.swift */,
				262357E52309C1F800DC4466 /* FirebaseAuth.swift */,
				262357E62309C1F900DC4466 /* Firestore.swift */,
			);
			path = assistants;
			sourceTree = "<group>";
		};
		C1F67C9621BF67AE00CDC2ED /* controls */ = {
			isa = PBXGroup;
			children = (
				26C8B54222B20F9200D83413 /* KMPlaceholderTextView.swift */,
				26B74FF321F175FD0005BA27 /* StripeWrapper.swift */,
				26B74FE021F07CCC0005BA27 /* Login.swift */,
				C1F67D1721BFA00200CDC2ED /* AnnouncementView.swift */,
				C1F67D1321BF7B5200CDC2ED /* Boss.swift */,
				C1F67D6621C066C500CDC2ED /* BottomSheet.swift */,
				C1F67D1D21BFA1FD00CDC2ED /* Camera.swift */,
				C1F67D5321BFC02D00CDC2ED /* ConfirmationBox.swift */,
				C1F67D5B21BFC1CF00CDC2ED /* DateView.swift */,
				C1F67D1F21BFA2CB00CDC2ED /* DNSPopup.swift */,
				C1F67D1921BFA11600CDC2ED /* FAPaginationLayout.swift */,
				C1F67CB821BF67AE00CDC2ED /* GradientView.swift */,
				C1F67D2B21BFA7C000CDC2ED /* iPadDetail.swift */,
				C1F67CA521BF67AE00CDC2ED /* knAnalogClockView.swift */,
				C1F67CB421BF67AE00CDC2ED /* knAnimationScrollView.swift */,
				C1F67CB221BF67AE00CDC2ED /* knBarButtonNumber.swift */,
				C1F67CA221BF67AE00CDC2ED /* knCodeView.swift */,
				C1F67C9C21BF67AE00CDC2ED /* knComposerView.swift */,
				C1F67CA021BF67AE00CDC2ED /* knDateDialog.swift */,
				C1F67C9F21BF67AE00CDC2ED /* knDotLoadingIndicator.swift */,
				C1F67CB721BF67AE00CDC2ED /* knDraggableViewCollection.swift */,
				C1F67CEF21BF711F00CDC2ED /* knExpandList.swift */,
				C1F67CBD21BF67AE00CDC2ED /* knGistTextField.swift */,
				C1F67C9921BF67AE00CDC2ED /* knImageSlideView.swift */,
				C1F67CAC21BF67AE00CDC2ED /* knPagerController.swift */,
				C1F67CE721BF6FDD00CDC2ED /* knPicker.swift */,
				C1F67D4B21BFB7F800CDC2ED /* knPopup.swift */,
				C1F67CA321BF67AE00CDC2ED /* knRippleAnimationView.swift */,
				C1F67CED21BF705500CDC2ED /* knSectionList.swift */,
				C1F67CEB21BF6FF600CDC2ED /* knStateview.swift */,
				C1F67CE621BF6FDD00CDC2ED /* knTabController.swift */,
				C1F67CBB21BF67AE00CDC2ED /* knTagView.swift */,
				C1F67CA621BF67AE00CDC2ED /* knTwoColumnsController.swift */,
				C1F67CAD21BF67AE00CDC2ED /* knUnderlineTextField.swift */,
				C1F67CA121BF67AE00CDC2ED /* MapController.swift */,
				C1F67D2121BFA66900CDC2ED /* OTPView.swift */,
				C1F67CB321BF67AE00CDC2ED /* PagerController.swift */,
				C1F67D5421BFC02D00CDC2ED /* PermissionPopup.swift */,
				C1F67D2521BFA6D100CDC2ED /* PhotoThumbView.swift */,
				C1FDDE9A21C759C500EEC160 /* PINController.swift */,
				C1F67CBC21BF67AE00CDC2ED /* PlacePickerView.swift */,
				C1F67CB621BF67AE00CDC2ED /* QRCode.swift */,
				C1F67CB021BF67AE00CDC2ED /* QRScanner.swift */,
				C1F67D2721BFA6FE00CDC2ED /* Reachability.swift */,
				C1F67C9E21BF67AE00CDC2ED /* RecordView.swift */,
				C1F67CA721BF67AE00CDC2ED /* RSKCollectionViewRetractableFirstItemLayout.swift */,
				C1F67D2D21BFA7DA00CDC2ED /* Secret.swift */,
				C1F67CB121BF67AE00CDC2ED /* SnakePageControl.swift */,
				C1F67CE521BF6FDC00CDC2ED /* TermLabel.swift */,
				C1F67D2921BFA79300CDC2ED /* TextViewer.swift */,
				C1F67CAF21BF67AE00CDC2ED /* TransitionSubmitButton.swift */,
				C1F67C9D21BF67AE00CDC2ED /* UIImage+Gif.swift */,
				C1F67C9721BF67AE00CDC2ED /* WebBrowser.swift */,
				C1F67CA821BF67AE00CDC2ED /* ZFRippleButton.swift */,
				26212A552269CBD500A2B658 /* BadgeView.swift */,
			);
			path = controls;
			sourceTree = "<group>";
		};
		C1F67CF121BF73FC00CDC2ED /* workers */ = {
			isa = PBXGroup;
			children = (
				26C8B54022B20F7300D83413 /* FacebookLoginWorker.swift */,
				C1F67CF221BF73FC00CDC2ED /* GeocodingWorker.swift */,
				C1F67CF821BF73FC00CDC2ED /* GoogleLocationManager.swift */,
				C1F67CF921BF73FC00CDC2ED /* LocationWorker.swift */,
				C1F67CFB21BF73FC00CDC2ED /* RegisterDeviceTokenWorker.swift */,
				C1F67CF321BF73FC00CDC2ED /* RequestLocationWorker.swift */,
				C1F67D0921BF74D800CDC2ED /* SearchHistoryWorker.swift */,
				C1F67CF421BF73FC00CDC2ED /* UploadWorker.swift */,
				C1F67CF721BF73FC00CDC2ED /* knPhotoSelectWorker.swift */,
			);
			path = workers;
			sourceTree = "<group>";
		};
		C1F67D0821BF740700CDC2ED /* others */ = {
			isa = PBXGroup;
			children = (
				C1F67D0621BF740200CDC2ED /* AnimateItemCollectionLayout.swift */,
				C1F67D1B21BFA17600CDC2ED /* Authentication.swift */,
				C1F67D4D21BFBE7A00CDC2ED /* AvatarGenerator.swift */,
				C1F67D0D21BF783E00CDC2ED /* PasswordValidation.swift */,
				C1F67D1521BF835B00CDC2ED /* RegisterValidation.swift */,
				C1F67D5721BFC0F100CDC2ED /* SystemSetting.swift */,
				262B72242265C6C60085DB18 /* loading.gif */,
				1847E843230D40FB00958875 /* Notification.swift */,
			);
			path = others;
			sourceTree = "<group>";
		};
		C1F67D3121BFB75200CDC2ED /* voice_assistant */ = {
			isa = PBXGroup;
			children = (
				C1F67D3821BFB75300CDC2ED /* SpeechOrders */,
				C1F67D3621BFB75300CDC2ED /* Analyser.swift */,
				C1F67D3721BFB75300CDC2ED /* Assistant.swift */,
				C1F67D3221BFB75200CDC2ED /* Recorder.swift */,
				C1F67D3421BFB75300CDC2ED /* Speaker.swift */,
				C1F67D3521BFB75300CDC2ED /* Texter.swift */,
				C1F67D3321BFB75300CDC2ED /* Vocabulary.swift */,
			);
			path = voice_assistant;
			sourceTree = "<group>";
		};
		C1F67D3821BFB75300CDC2ED /* SpeechOrders */ = {
			isa = PBXGroup;
			children = (
				C1F67D3C21BFB75300CDC2ED /* BuySpeechOrder.swift */,
				C1F67D3A21BFB75300CDC2ED /* ReceiveSpeechOrder.swift */,
				C1F67D3B21BFB75300CDC2ED /* SellSpeechOrder.swift */,
				C1F67D3921BFB75300CDC2ED /* SendSpeechOrder.swift */,
				C1F67D3D21BFB75300CDC2ED /* SpeechModel.swift */,
			);
			path = SpeechOrders;
			sourceTree = "<group>";
		};
		C1F67D5D21BFC28800CDC2ED /* addCard */ = {
			isa = PBXGroup;
			children = (
				C1F67D6121BFC28800CDC2ED /* AddCard.UI.swift */,
				C1F67D6021BFC28800CDC2ED /* AddCard.swift */,
				C1F67D5E21BFC28800CDC2ED /* AddMethodDelegate.swift */,
				C1F67D5F21BFC28800CDC2ED /* GetExpireDateWorker.swift */,
			);
			path = addCard;
			sourceTree = "<group>";
		};
		E652BEFA3A2C16FB3FF7AA00 /* Pods */ = {
			isa = PBXGroup;
			children = (
				9BC6340EF2B88E2815965290 /* Pods-knStore.debug.xcconfig */,
				0FF667B7CD5F736E0DD97499 /* Pods-knStore.release.xcconfig */,
			);
			name = Pods;
			sourceTree = "<group>";
		};
/* End PBXGroup section */

/* Begin PBXNativeTarget section */
		C1F67C4621BE6F4800CDC2ED /* knStore */ = {
			isa = PBXNativeTarget;
			buildConfigurationList = C1F67C5921BE6F4900CDC2ED /* Build configuration list for PBXNativeTarget "knStore" */;
			buildPhases = (
				D26071F4EEFDDA4A994A4343 /* [CP] Check Pods Manifest.lock */,
				C1F67C4321BE6F4800CDC2ED /* Sources */,
				C1F67C4421BE6F4800CDC2ED /* Frameworks */,
				C1F67C4521BE6F4800CDC2ED /* Resources */,
				B91A3F2C1BED70FD4D513312 /* [CP] Embed Pods Frameworks */,
				E61E6A7B305928A8E9047D5B /* [CP] Copy Pods Resources */,
			);
			buildRules = (
			);
			dependencies = (
			);
			name = knStore;
			productName = knStore;
			productReference = C1F67C4721BE6F4800CDC2ED /* knStore.app */;
			productType = "com.apple.product-type.application";
		};
/* End PBXNativeTarget section */

/* Begin PBXProject section */
		C1F67C3F21BE6F4800CDC2ED /* Project object */ = {
			isa = PBXProject;
			attributes = {
				LastSwiftUpdateCheck = 1010;
				LastUpgradeCheck = 1010;
				ORGANIZATIONNAME = "Ky Nguyen";
				TargetAttributes = {
					C1F67C4621BE6F4800CDC2ED = {
						CreatedOnToolsVersion = 10.1;
					};
				};
			};
			buildConfigurationList = C1F67C4221BE6F4800CDC2ED /* Build configuration list for PBXProject "knStore" */;
			compatibilityVersion = "Xcode 9.3";
			developmentRegion = en;
			hasScannedForEncodings = 0;
			knownRegions = (
				en,
				Base,
			);
			mainGroup = C1F67C3E21BE6F4800CDC2ED;
			productRefGroup = C1F67C4821BE6F4800CDC2ED /* Products */;
			projectDirPath = "";
			projectRoot = "";
			targets = (
				C1F67C4621BE6F4800CDC2ED /* knStore */,
			);
		};
/* End PBXProject section */

/* Begin PBXResourcesBuildPhase section */
		C1F67C4521BE6F4800CDC2ED /* Resources */ = {
			isa = PBXResourcesBuildPhase;
			buildActionMask = 2147483647;
			files = (
				C1F67C5521BE6F4900CDC2ED /* LaunchScreen.storyboard in Resources */,
				C1F67C5221BE6F4900CDC2ED /* Assets.xcassets in Resources */,
				262B72252265C6C60085DB18 /* loading.gif in Resources */,
				C1F67C5021BE6F4800CDC2ED /* Main.storyboard in Resources */,
				26C2813822AF5BBE0058910B /* Fonts in Resources */,
			);
			runOnlyForDeploymentPostprocessing = 0;
		};
/* End PBXResourcesBuildPhase section */

/* Begin PBXShellScriptBuildPhase section */
		B91A3F2C1BED70FD4D513312 /* [CP] Embed Pods Frameworks */ = {
			isa = PBXShellScriptBuildPhase;
			buildActionMask = 2147483647;
			files = (
			);
			inputFileListPaths = (
				"${PODS_ROOT}/Target Support Files/Pods-knStore/Pods-knStore-frameworks-${CONFIGURATION}-input-files.xcfilelist",
			);
			name = "[CP] Embed Pods Frameworks";
			outputFileListPaths = (
				"${PODS_ROOT}/Target Support Files/Pods-knStore/Pods-knStore-frameworks-${CONFIGURATION}-output-files.xcfilelist",
			);
			runOnlyForDeploymentPostprocessing = 0;
			shellPath = /bin/sh;
			shellScript = "\"${PODS_ROOT}/Target Support Files/Pods-knStore/Pods-knStore-frameworks.sh\"\n";
			showEnvVarsInLog = 0;
		};
		D26071F4EEFDDA4A994A4343 /* [CP] Check Pods Manifest.lock */ = {
			isa = PBXShellScriptBuildPhase;
			buildActionMask = 2147483647;
			files = (
			);
			inputPaths = (
				"${PODS_PODFILE_DIR_PATH}/Podfile.lock",
				"${PODS_ROOT}/Manifest.lock",
			);
			name = "[CP] Check Pods Manifest.lock";
			outputPaths = (
				"$(DERIVED_FILE_DIR)/Pods-knStore-checkManifestLockResult.txt",
			);
			runOnlyForDeploymentPostprocessing = 0;
			shellPath = /bin/sh;
			shellScript = "diff \"${PODS_PODFILE_DIR_PATH}/Podfile.lock\" \"${PODS_ROOT}/Manifest.lock\" > /dev/null\nif [ $? != 0 ] ; then\n    # print error to STDERR\n    echo \"error: The sandbox is not in sync with the Podfile.lock. Run 'pod install' or update your CocoaPods installation.\" >&2\n    exit 1\nfi\n# This output is used by Xcode 'outputs' to avoid re-running this script phase.\necho \"SUCCESS\" > \"${SCRIPT_OUTPUT_FILE_0}\"\n";
			showEnvVarsInLog = 0;
		};
		E61E6A7B305928A8E9047D5B /* [CP] Copy Pods Resources */ = {
			isa = PBXShellScriptBuildPhase;
			buildActionMask = 2147483647;
			files = (
			);
			inputFileListPaths = (
				"${PODS_ROOT}/Target Support Files/Pods-knStore/Pods-knStore-resources-${CONFIGURATION}-input-files.xcfilelist",
			);
			name = "[CP] Copy Pods Resources";
			outputFileListPaths = (
				"${PODS_ROOT}/Target Support Files/Pods-knStore/Pods-knStore-resources-${CONFIGURATION}-output-files.xcfilelist",
			);
			runOnlyForDeploymentPostprocessing = 0;
			shellPath = /bin/sh;
			shellScript = "\"${PODS_ROOT}/Target Support Files/Pods-knStore/Pods-knStore-resources.sh\"\n";
			showEnvVarsInLog = 0;
		};
/* End PBXShellScriptBuildPhase section */

/* Begin PBXSourcesBuildPhase section */
		C1F67C4321BE6F4800CDC2ED /* Sources */ = {
			isa = PBXSourcesBuildPhase;
			buildActionMask = 2147483647;
			files = (
				C1F67CC421BF67AE00CDC2ED /* UIImage+Gif.swift in Sources */,
				260CECCA237BB69300CBA10B /* LayoutEngine.swift in Sources */,
				C1F67D3F21BFB75300CDC2ED /* Vocabulary.swift in Sources */,
				C1F67CDF21BF67AE00CDC2ED /* GradientView.swift in Sources */,
				262357F82309C21400DC4466 /* LoginUI.swift in Sources */,
				C1F67CD621BF67AE00CDC2ED /* TransitionSubmitButton.swift in Sources */,
				C1F67C9521BF65C100CDC2ED /* DeviceType.swift in Sources */,
				C1F67CC521BF67AE00CDC2ED /* RecordView.swift in Sources */,
				C1F67D4021BFB75300CDC2ED /* Speaker.swift in Sources */,
				262357FF2309C21400DC4466 /* ChangePasswordWorker.swift in Sources */,
				C1F67CC321BF67AE00CDC2ED /* knComposerView.swift in Sources */,
				C1F67CCE21BF67AE00CDC2ED /* RSKCollectionViewRetractableFirstItemLayout.swift in Sources */,
				C1F67D3021BFA90500CDC2ED /* UIViewControllerExtension.swift in Sources */,
				260CECC3237BB69300CBA10B /* Cell.swift in Sources */,
				C1F67D1C21BFA17600CDC2ED /* Authentication.swift in Sources */,
				C1F67C8221BE713A00CDC2ED /* UIButtonExtension.swift in Sources */,
				260CECC7237BB69300CBA10B /* ScrollPosition.swift in Sources */,
				C1F67C7421BE713A00CDC2ED /* UISearchBarExtension.swift in Sources */,
				C1F67C8621BE713A00CDC2ED /* DateExtension.swift in Sources */,
				260CECC0237BB69300CBA10B /* Location.swift in Sources */,
				26C8B54122B20F7300D83413 /* FacebookLoginWorker.swift in Sources */,
				262357FD2309C21400DC4466 /* RegisterUI.swift in Sources */,
				C1F67D1E21BFA1FD00CDC2ED /* Camera.swift in Sources */,
				262357F92309C21400DC4466 /* LoginController.swift in Sources */,
				C1F67CC821BF67AE00CDC2ED /* MapController.swift in Sources */,
				C1F67D2221BFA66900CDC2ED /* OTPView.swift in Sources */,
				C1F67D5521BFC02D00CDC2ED /* ConfirmationBox.swift in Sources */,
				C1F67D4221BFB75300CDC2ED /* Analyser.swift in Sources */,
				C1F67C8521BE713A00CDC2ED /* UIImageExtension.swift in Sources */,
				26B74FF421F175FD0005BA27 /* StripeWrapper.swift in Sources */,
				260CECC4237BB69300CBA10B /* SpreadsheetViewDataSource.swift in Sources */,
				26C8B54322B20F9200D83413 /* KMPlaceholderTextView.swift in Sources */,
				260CECA6237BB51C00CBA10B /* FavoriteManager.swift in Sources */,
				C1F67CE321BF67AE00CDC2ED /* PlacePickerView.swift in Sources */,
				C1F67D6321BFC28800CDC2ED /* GetExpireDateWorker.swift in Sources */,
				C1F67D2621BFA6D100CDC2ED /* PhotoThumbView.swift in Sources */,
				C1F67C7921BE713A00CDC2ED /* knView.swift in Sources */,
				C1F67C4D21BE6F4800CDC2ED /* ViewController.swift in Sources */,
				C1F67D6521BFC28800CDC2ED /* AddCard.UI.swift in Sources */,
				C1F67D1421BF7B5200CDC2ED /* Boss.swift in Sources */,
				C1F67C8D21BEFEA100CDC2ED /* knListView.swift in Sources */,
				C1F67C7621BE713A00CDC2ED /* UITextFieldExtension.swift in Sources */,
				C1F67CDB21BF67AE00CDC2ED /* knAnimationScrollView.swift in Sources */,
				C1F67D2021BFA2CB00CDC2ED /* DNSPopup.swift in Sources */,
				C1F67CE221BF67AE00CDC2ED /* knTagView.swift in Sources */,
				C1F67CCA21BF67AE00CDC2ED /* knRippleAnimationView.swift in Sources */,
				C1F67CD721BF67AE00CDC2ED /* QRScanner.swift in Sources */,
				C1F67CC921BF67AE00CDC2ED /* knCodeView.swift in Sources */,
				C1F67CD821BF67AE00CDC2ED /* SnakePageControl.swift in Sources */,
				C1F67CEA21BF6FDD00CDC2ED /* knPicker.swift in Sources */,
				C1F67C7521BE713A00CDC2ED /* StringExtension.swift in Sources */,
				C1F67C8421BE713A00CDC2ED /* IntExtension.swift in Sources */,
				C1F67D6421BFC28800CDC2ED /* AddCard.swift in Sources */,
				C1F67CEC21BF6FF600CDC2ED /* knStateview.swift in Sources */,
				260CECCB237BB69300CBA10B /* IndexPath+Column.swift in Sources */,
				262357FB2309C21400DC4466 /* RegisterWorker.swift in Sources */,
				260CECCF237BB69300CBA10B /* SpreadsheetView+UISnapshotting.swift in Sources */,
				C1F67C7B21BE713A00CDC2ED /* UIColorExtension.swift in Sources */,
				C1F67D4321BFB75300CDC2ED /* Assistant.swift in Sources */,
				C1F67CBE21BF67AE00CDC2ED /* WebBrowser.swift in Sources */,
				262357E82309C1F900DC4466 /* Firestore.swift in Sources */,
				C1F67CE921BF6FDD00CDC2ED /* knTabController.swift in Sources */,
				C1F67CEE21BF705600CDC2ED /* knSectionList.swift in Sources */,
				C1F67CFE21BF73FC00CDC2ED /* UploadWorker.swift in Sources */,
				C1F67D5621BFC02D00CDC2ED /* PermissionPopup.swift in Sources */,
				260CECD4237BB69300CBA10B /* SpreadsheetView+CirclularScrolling.swift in Sources */,
				C1F67CD321BF67AE00CDC2ED /* knPagerController.swift in Sources */,
				C1F67C7721BE713A00CDC2ED /* knConstraints.swift in Sources */,
				C1F67C7E21BE713A00CDC2ED /* knUIMaker.swift in Sources */,
				260CECD2237BB69300CBA10B /* ReuseQueue.swift in Sources */,
				C1F67D5821BFC0F100CDC2ED /* SystemSetting.swift in Sources */,
				262358012309C21400DC4466 /* ChangePass.UI.swift in Sources */,
				C1F67CC621BF67AE00CDC2ED /* knDotLoadingIndicator.swift in Sources */,
				C1F67CE821BF6FDD00CDC2ED /* TermLabel.swift in Sources */,
				262357E72309C1F900DC4466 /* FirebaseAuth.swift in Sources */,
				C1F67D3E21BFB75300CDC2ED /* Recorder.swift in Sources */,
				C1F67CE421BF67AE00CDC2ED /* knGistTextField.swift in Sources */,
				C1F67C7D21BE713A00CDC2ED /* UIViewExtension.swift in Sources */,
				260CECC6237BB69300CBA10B /* Array+BinarySearch.swift in Sources */,
				C1FDDE9B21C759C500EEC160 /* PINController.swift in Sources */,
				C1F67D6721C066C500CDC2ED /* BottomSheet.swift in Sources */,
				262357FE2309C21400DC4466 /* RegisterController.swift in Sources */,
				C1F67D6221BFC28800CDC2ED /* AddMethodDelegate.swift in Sources */,
				C1F67CC721BF67AE00CDC2ED /* knDateDialog.swift in Sources */,
				260CECCC237BB69300CBA10B /* SpreadsheetView+Layout.swift in Sources */,
				260CECBF237BB69300CBA10B /* SpreadsheetView+UIScrollView.swift in Sources */,
				260CECD3237BB69300CBA10B /* SpreadsheetView+Touches.swift in Sources */,
				C1F67CFD21BF73FC00CDC2ED /* RequestLocationWorker.swift in Sources */,
				C1F67C8E21BEFEA100CDC2ED /* knGridView.swift in Sources */,
				26B74FE121F07CCC0005BA27 /* Login.swift in Sources */,
				C1F67D0E21BF783E00CDC2ED /* PasswordValidation.swift in Sources */,
				260CECA4237BB25800CBA10B /* FundSourcesView.swift in Sources */,
				1847E844230D40FB00958875 /* Notification.swift in Sources */,
				C1F67C4B21BE6F4800CDC2ED /* AppDelegate.swift in Sources */,
				C1F67D5C21BFC1CF00CDC2ED /* DateView.swift in Sources */,
				262357FA2309C21400DC4466 /* LoginWorker.swift in Sources */,
				260CECCD237BB69300CBA10B /* ScrollView.swift in Sources */,
				C1F67D4521BFB75300CDC2ED /* ReceiveSpeechOrder.swift in Sources */,
				260CECC9237BB69300CBA10B /* CellRange.swift in Sources */,
				C1F67CDD21BF67AE00CDC2ED /* QRCode.swift in Sources */,
				C1F67C7321BE713A00CDC2ED /* General.swift in Sources */,
				C1F67CCF21BF67AE00CDC2ED /* ZFRippleButton.swift in Sources */,
				C1F67CC021BF67AE00CDC2ED /* knImageSlideView.swift in Sources */,
				C1F67D1A21BFA11600CDC2ED /* FAPaginationLayout.swift in Sources */,
				C1F67D0121BF73FC00CDC2ED /* knPhotoSelectWorker.swift in Sources */,
				C1F67CDA21BF67AE00CDC2ED /* PagerController.swift in Sources */,
				C1F67C8021BE713A00CDC2ED /* UIApplicationExtension.swift in Sources */,
				C1F67C7A21BE713A00CDC2ED /* knController.swift in Sources */,
				C1F67C7F21BE713A00CDC2ED /* ApiConnector.swift in Sources */,
				C1F67D2C21BFA7C000CDC2ED /* iPadDetail.swift in Sources */,
				C1F67D4721BFB75300CDC2ED /* BuySpeechOrder.swift in Sources */,
				C1F67CCC21BF67AE00CDC2ED /* knAnalogClockView.swift in Sources */,
				260CECC1237BB69300CBA10B /* Address.swift in Sources */,
				C1F67D0221BF73FC00CDC2ED /* GoogleLocationManager.swift in Sources */,
				C1F67D2821BFA6FE00CDC2ED /* Reachability.swift in Sources */,
				262358002309C21400DC4466 /* ChangePass.swift in Sources */,
				C1F67D2A21BFA79300CDC2ED /* TextViewer.swift in Sources */,
				C1F67CD921BF67AE00CDC2ED /* knBarButtonNumber.swift in Sources */,
				260CECD0237BB69300CBA10B /* Gridlines.swift in Sources */,
				262357F72309C21400DC4466 /* LoginInteraction.swift in Sources */,
				C1F67D2E21BFA7DA00CDC2ED /* Secret.swift in Sources */,
				C1F67D4C21BFB7F800CDC2ED /* knPopup.swift in Sources */,
				260CECC2237BB69300CBA10B /* CircularScrolling.swift in Sources */,
				260CECD5237BB69300CBA10B /* SpreadsheetView+UIScrollViewDelegate.swift in Sources */,
				C1F67D4821BFB75300CDC2ED /* SpeechModel.swift in Sources */,
				26212A562269CBD500A2B658 /* BadgeView.swift in Sources */,
				C1F67C9321BF65C100CDC2ED /* Controller+Keyboard.swift in Sources */,
				C1F67C9421BF65C100CDC2ED /* Localization.swift in Sources */,
				260CECD1237BB69300CBA10B /* SpreadsheetViewDelegate.swift in Sources */,
				C1F67D0321BF73FC00CDC2ED /* LocationWorker.swift in Sources */,
				C1F67D4421BFB75300CDC2ED /* SendSpeechOrder.swift in Sources */,
				C1F67D0721BF740200CDC2ED /* AnimateItemCollectionLayout.swift in Sources */,
				C1F67D0A21BF74D800CDC2ED /* SearchHistoryWorker.swift in Sources */,
				C1F67CD421BF67AE00CDC2ED /* knUnderlineTextField.swift in Sources */,
				260CECCE237BB69300CBA10B /* SpreadsheetView.swift in Sources */,
				C1F67D4121BFB75300CDC2ED /* Texter.swift in Sources */,
				C1F67CFC21BF73FC00CDC2ED /* GeocodingWorker.swift in Sources */,
				C1F67D0C21BF75F300CDC2ED /* NavigationExtension.swift in Sources */,
				26762FF022FEE3C300C77895 /* Messenger.swift in Sources */,
				C1F67C7821BE713A00CDC2ED /* UIFontExtension.swift in Sources */,
				C1F67CF021BF711F00CDC2ED /* knExpandList.swift in Sources */,
				C1F67CDE21BF67AE00CDC2ED /* knDraggableViewCollection.swift in Sources */,
				260CECC5237BB69300CBA10B /* Borders.swift in Sources */,
				C1F67D4621BFB75300CDC2ED /* SellSpeechOrder.swift in Sources */,
				C1F67C7C21BE713A00CDC2ED /* 1.Setting.swift in Sources */,
				262357FC2309C21400DC4466 /* RegisterInteraction.swift in Sources */,
				C1F67C8321BE713A00CDC2ED /* OtherExtensions.swift in Sources */,
				262357E42309C1A900DC4466 /* FileStorage.swift in Sources */,
				C1F67D0521BF73FC00CDC2ED /* RegisterDeviceTokenWorker.swift in Sources */,
				260CECC8237BB69300CBA10B /* SpreadsheetView+UIViewHierarchy.swift in Sources */,
				C1F67CCD21BF67AE00CDC2ED /* knTwoColumnsController.swift in Sources */,
				C1F67D1221BF792100CDC2ED /* 1.StartPoint.swift in Sources */,
				C1F67D1621BF835B00CDC2ED /* RegisterValidation.swift in Sources */,
				C1F67D4E21BFBE7A00CDC2ED /* AvatarGenerator.swift in Sources */,
				C1F67D1821BFA00200CDC2ED /* AnnouncementView.swift in Sources */,
			);
			runOnlyForDeploymentPostprocessing = 0;
		};
/* End PBXSourcesBuildPhase section */

/* Begin PBXVariantGroup section */
		C1F67C4E21BE6F4800CDC2ED /* Main.storyboard */ = {
			isa = PBXVariantGroup;
			children = (
				C1F67C4F21BE6F4800CDC2ED /* Base */,
			);
			name = Main.storyboard;
			path = .;
			sourceTree = "<group>";
		};
		C1F67C5321BE6F4900CDC2ED /* LaunchScreen.storyboard */ = {
			isa = PBXVariantGroup;
			children = (
				C1F67C5421BE6F4900CDC2ED /* Base */,
			);
			name = LaunchScreen.storyboard;
			path = .;
			sourceTree = "<group>";
		};
/* End PBXVariantGroup section */

/* Begin XCBuildConfiguration section */
		C1F67C5721BE6F4900CDC2ED /* Debug */ = {
			isa = XCBuildConfiguration;
			buildSettings = {
				ALWAYS_SEARCH_USER_PATHS = NO;
				CLANG_ANALYZER_NONNULL = YES;
				CLANG_ANALYZER_NUMBER_OBJECT_CONVERSION = YES_AGGRESSIVE;
				CLANG_CXX_LANGUAGE_STANDARD = "gnu++14";
				CLANG_CXX_LIBRARY = "libc++";
				CLANG_ENABLE_MODULES = YES;
				CLANG_ENABLE_OBJC_ARC = YES;
				CLANG_ENABLE_OBJC_WEAK = YES;
				CLANG_WARN_BLOCK_CAPTURE_AUTORELEASING = YES;
				CLANG_WARN_BOOL_CONVERSION = YES;
				CLANG_WARN_COMMA = YES;
				CLANG_WARN_CONSTANT_CONVERSION = YES;
				CLANG_WARN_DEPRECATED_OBJC_IMPLEMENTATIONS = YES;
				CLANG_WARN_DIRECT_OBJC_ISA_USAGE = YES_ERROR;
				CLANG_WARN_DOCUMENTATION_COMMENTS = YES;
				CLANG_WARN_EMPTY_BODY = YES;
				CLANG_WARN_ENUM_CONVERSION = YES;
				CLANG_WARN_INFINITE_RECURSION = YES;
				CLANG_WARN_INT_CONVERSION = YES;
				CLANG_WARN_NON_LITERAL_NULL_CONVERSION = YES;
				CLANG_WARN_OBJC_IMPLICIT_RETAIN_SELF = YES;
				CLANG_WARN_OBJC_LITERAL_CONVERSION = YES;
				CLANG_WARN_OBJC_ROOT_CLASS = YES_ERROR;
				CLANG_WARN_RANGE_LOOP_ANALYSIS = YES;
				CLANG_WARN_STRICT_PROTOTYPES = YES;
				CLANG_WARN_SUSPICIOUS_MOVE = YES;
				CLANG_WARN_UNGUARDED_AVAILABILITY = YES_AGGRESSIVE;
				CLANG_WARN_UNREACHABLE_CODE = YES;
				CLANG_WARN__DUPLICATE_METHOD_MATCH = YES;
				CODE_SIGN_IDENTITY = "iPhone Developer";
				COPY_PHASE_STRIP = NO;
				DEBUG_INFORMATION_FORMAT = dwarf;
				ENABLE_STRICT_OBJC_MSGSEND = YES;
				ENABLE_TESTABILITY = YES;
				GCC_C_LANGUAGE_STANDARD = gnu11;
				GCC_DYNAMIC_NO_PIC = NO;
				GCC_NO_COMMON_BLOCKS = YES;
				GCC_OPTIMIZATION_LEVEL = 0;
				GCC_PREPROCESSOR_DEFINITIONS = (
					"DEBUG=1",
					"$(inherited)",
				);
				GCC_WARN_64_TO_32_BIT_CONVERSION = YES;
				GCC_WARN_ABOUT_RETURN_TYPE = YES_ERROR;
				GCC_WARN_UNDECLARED_SELECTOR = YES;
				GCC_WARN_UNINITIALIZED_AUTOS = YES_AGGRESSIVE;
				GCC_WARN_UNUSED_FUNCTION = YES;
				GCC_WARN_UNUSED_VARIABLE = YES;
				IPHONEOS_DEPLOYMENT_TARGET = 12.1;
				MTL_ENABLE_DEBUG_INFO = INCLUDE_SOURCE;
				MTL_FAST_MATH = YES;
				ONLY_ACTIVE_ARCH = YES;
				SDKROOT = iphoneos;
				SWIFT_ACTIVE_COMPILATION_CONDITIONS = DEBUG;
				SWIFT_OPTIMIZATION_LEVEL = "-Onone";
			};
			name = Debug;
		};
		C1F67C5821BE6F4900CDC2ED /* Release */ = {
			isa = XCBuildConfiguration;
			buildSettings = {
				ALWAYS_SEARCH_USER_PATHS = NO;
				CLANG_ANALYZER_NONNULL = YES;
				CLANG_ANALYZER_NUMBER_OBJECT_CONVERSION = YES_AGGRESSIVE;
				CLANG_CXX_LANGUAGE_STANDARD = "gnu++14";
				CLANG_CXX_LIBRARY = "libc++";
				CLANG_ENABLE_MODULES = YES;
				CLANG_ENABLE_OBJC_ARC = YES;
				CLANG_ENABLE_OBJC_WEAK = YES;
				CLANG_WARN_BLOCK_CAPTURE_AUTORELEASING = YES;
				CLANG_WARN_BOOL_CONVERSION = YES;
				CLANG_WARN_COMMA = YES;
				CLANG_WARN_CONSTANT_CONVERSION = YES;
				CLANG_WARN_DEPRECATED_OBJC_IMPLEMENTATIONS = YES;
				CLANG_WARN_DIRECT_OBJC_ISA_USAGE = YES_ERROR;
				CLANG_WARN_DOCUMENTATION_COMMENTS = YES;
				CLANG_WARN_EMPTY_BODY = YES;
				CLANG_WARN_ENUM_CONVERSION = YES;
				CLANG_WARN_INFINITE_RECURSION = YES;
				CLANG_WARN_INT_CONVERSION = YES;
				CLANG_WARN_NON_LITERAL_NULL_CONVERSION = YES;
				CLANG_WARN_OBJC_IMPLICIT_RETAIN_SELF = YES;
				CLANG_WARN_OBJC_LITERAL_CONVERSION = YES;
				CLANG_WARN_OBJC_ROOT_CLASS = YES_ERROR;
				CLANG_WARN_RANGE_LOOP_ANALYSIS = YES;
				CLANG_WARN_STRICT_PROTOTYPES = YES;
				CLANG_WARN_SUSPICIOUS_MOVE = YES;
				CLANG_WARN_UNGUARDED_AVAILABILITY = YES_AGGRESSIVE;
				CLANG_WARN_UNREACHABLE_CODE = YES;
				CLANG_WARN__DUPLICATE_METHOD_MATCH = YES;
				CODE_SIGN_IDENTITY = "iPhone Developer";
				COPY_PHASE_STRIP = NO;
				DEBUG_INFORMATION_FORMAT = "dwarf-with-dsym";
				ENABLE_NS_ASSERTIONS = NO;
				ENABLE_STRICT_OBJC_MSGSEND = YES;
				GCC_C_LANGUAGE_STANDARD = gnu11;
				GCC_NO_COMMON_BLOCKS = YES;
				GCC_WARN_64_TO_32_BIT_CONVERSION = YES;
				GCC_WARN_ABOUT_RETURN_TYPE = YES_ERROR;
				GCC_WARN_UNDECLARED_SELECTOR = YES;
				GCC_WARN_UNINITIALIZED_AUTOS = YES_AGGRESSIVE;
				GCC_WARN_UNUSED_FUNCTION = YES;
				GCC_WARN_UNUSED_VARIABLE = YES;
				IPHONEOS_DEPLOYMENT_TARGET = 12.1;
				MTL_ENABLE_DEBUG_INFO = NO;
				MTL_FAST_MATH = YES;
				SDKROOT = iphoneos;
				SWIFT_COMPILATION_MODE = wholemodule;
				SWIFT_OPTIMIZATION_LEVEL = "-O";
				VALIDATE_PRODUCT = YES;
			};
			name = Release;
		};
		C1F67C5A21BE6F4900CDC2ED /* Debug */ = {
			isa = XCBuildConfiguration;
			baseConfigurationReference = 9BC6340EF2B88E2815965290 /* Pods-knStore.debug.xcconfig */;
			buildSettings = {
				ASSETCATALOG_COMPILER_APPICON_NAME = AppIcon;
				CODE_SIGN_STYLE = Automatic;
				DEVELOPMENT_TEAM = YM62LBZ4XN;
				INFOPLIST_FILE = "$(SRCROOT)/knStore/project_files/Info.plist";
				LD_RUNPATH_SEARCH_PATHS = (
					"$(inherited)",
					"@executable_path/Frameworks",
				);
				PRODUCT_BUNDLE_IDENTIFIER = kn.knStore;
				PRODUCT_NAME = "$(TARGET_NAME)";
				SWIFT_VERSION = 4.2;
				TARGETED_DEVICE_FAMILY = "1,2";
			};
			name = Debug;
		};
		C1F67C5B21BE6F4900CDC2ED /* Release */ = {
			isa = XCBuildConfiguration;
			baseConfigurationReference = 0FF667B7CD5F736E0DD97499 /* Pods-knStore.release.xcconfig */;
			buildSettings = {
				ASSETCATALOG_COMPILER_APPICON_NAME = AppIcon;
				CODE_SIGN_STYLE = Automatic;
				DEVELOPMENT_TEAM = YM62LBZ4XN;
				INFOPLIST_FILE = "$(SRCROOT)/knStore/project_files/Info.plist";
				LD_RUNPATH_SEARCH_PATHS = (
					"$(inherited)",
					"@executable_path/Frameworks",
				);
				PRODUCT_BUNDLE_IDENTIFIER = kn.knStore;
				PRODUCT_NAME = "$(TARGET_NAME)";
				SWIFT_VERSION = 4.2;
				TARGETED_DEVICE_FAMILY = "1,2";
			};
			name = Release;
		};
/* End XCBuildConfiguration section */

/* Begin XCConfigurationList section */
		C1F67C4221BE6F4800CDC2ED /* Build configuration list for PBXProject "knStore" */ = {
			isa = XCConfigurationList;
			buildConfigurations = (
				C1F67C5721BE6F4900CDC2ED /* Debug */,
				C1F67C5821BE6F4900CDC2ED /* Release */,
			);
			defaultConfigurationIsVisible = 0;
			defaultConfigurationName = Release;
		};
		C1F67C5921BE6F4900CDC2ED /* Build configuration list for PBXNativeTarget "knStore" */ = {
			isa = XCConfigurationList;
			buildConfigurations = (
				C1F67C5A21BE6F4900CDC2ED /* Debug */,
				C1F67C5B21BE6F4900CDC2ED /* Release */,
			);
			defaultConfigurationIsVisible = 0;
			defaultConfigurationName = Release;
		};
/* End XCConfigurationList section */
	};
	rootObject = C1F67C3F21BE6F4800CDC2ED /* Project object */;
}
